// !$*UTF8*$!
{
	archiveVersion = 1;
	classes = {
	};
	objectVersion = 46;
	objects = {

/* Begin PBXBuildFile section */
		881ED91A1B851874004458C9 /* AppDelegate.swift in Sources */ = {isa = PBXBuildFile; fileRef = 881ED9191B851874004458C9 /* AppDelegate.swift */; };
		881ED91C1B851874004458C9 /* ViewController.swift in Sources */ = {isa = PBXBuildFile; fileRef = 881ED91B1B851874004458C9 /* ViewController.swift */; };
		881ED91F1B851874004458C9 /* Main.storyboard in Resources */ = {isa = PBXBuildFile; fileRef = 881ED91D1B851874004458C9 /* Main.storyboard */; };
		881ED9211B851874004458C9 /* Assets.xcassets in Resources */ = {isa = PBXBuildFile; fileRef = 881ED9201B851874004458C9 /* Assets.xcassets */; };
		881ED9241B851874004458C9 /* LaunchScreen.storyboard in Resources */ = {isa = PBXBuildFile; fileRef = 881ED9221B851874004458C9 /* LaunchScreen.storyboard */; };
		881ED9291B851874004458C9 /* ContextMenu WatchKit App.app in Embed Watch Content */ = {isa = PBXBuildFile; fileRef = 881ED9281B851874004458C9 /* ContextMenu WatchKit App.app */; };
		881ED92F1B851874004458C9 /* Interface.storyboard in Resources */ = {isa = PBXBuildFile; fileRef = 881ED92D1B851874004458C9 /* Interface.storyboard */; };
		881ED9311B851874004458C9 /* Assets.xcassets in Resources */ = {isa = PBXBuildFile; fileRef = 881ED9301B851874004458C9 /* Assets.xcassets */; };
		881ED9381B851874004458C9 /* ContextMenu WatchKit Extension.appex in Embed App Extensions */ = {isa = PBXBuildFile; fileRef = 881ED9371B851874004458C9 /* ContextMenu WatchKit Extension.appex */; settings = {ATTRIBUTES = (RemoveHeadersOnCopy, ); }; };
		881ED93D1B851874004458C9 /* InterfaceController.swift in Sources */ = {isa = PBXBuildFile; fileRef = 881ED93C1B851874004458C9 /* InterfaceController.swift */; };
		881ED93F1B851874004458C9 /* ExtensionDelegate.swift in Sources */ = {isa = PBXBuildFile; fileRef = 881ED93E1B851874004458C9 /* ExtensionDelegate.swift */; };
		881ED9411B851874004458C9 /* Assets.xcassets in Resources */ = {isa = PBXBuildFile; fileRef = 881ED9401B851874004458C9 /* Assets.xcassets */; };
/* End PBXBuildFile section */

/* Begin PBXContainerItemProxy section */
		881ED92A1B851874004458C9 /* PBXContainerItemProxy */ = {
			isa = PBXContainerItemProxy;
			containerPortal = 881ED90E1B851874004458C9 /* Project object */;
			proxyType = 1;
			remoteGlobalIDString = 881ED9271B851874004458C9;
			remoteInfo = "ContextMenu WatchKit App";
		};
		881ED9391B851874004458C9 /* PBXContainerItemProxy */ = {
			isa = PBXContainerItemProxy;
			containerPortal = 881ED90E1B851874004458C9 /* Project object */;
			proxyType = 1;
			remoteGlobalIDString = 881ED9361B851874004458C9;
			remoteInfo = "ContextMenu WatchKit Extension";
		};
/* End PBXContainerItemProxy section */

/* Begin PBXCopyFilesBuildPhase section */
		881ED9481B851874004458C9 /* Embed App Extensions */ = {
			isa = PBXCopyFilesBuildPhase;
			buildActionMask = 2147483647;
			dstPath = "";
			dstSubfolderSpec = 13;
			files = (
				881ED9381B851874004458C9 /* ContextMenu WatchKit Extension.appex in Embed App Extensions */,
			);
			name = "Embed App Extensions";
			runOnlyForDeploymentPostprocessing = 0;
		};
		881ED94C1B851874004458C9 /* Embed Watch Content */ = {
			isa = PBXCopyFilesBuildPhase;
			buildActionMask = 2147483647;
			dstPath = "$(CONTENTS_FOLDER_PATH)/Watch";
			dstSubfolderSpec = 16;
			files = (
				881ED9291B851874004458C9 /* ContextMenu WatchKit App.app in Embed Watch Content */,
			);
			name = "Embed Watch Content";
			runOnlyForDeploymentPostprocessing = 0;
		};
/* End PBXCopyFilesBuildPhase section */

/* Begin PBXFileReference section */
		881ED9161B851874004458C9 /* ContextMenu.app */ = {isa = PBXFileReference; explicitFileType = wrapper.application; includeInIndex = 0; path = ContextMenu.app; sourceTree = BUILT_PRODUCTS_DIR; };
		881ED9191B851874004458C9 /* AppDelegate.swift */ = {isa = PBXFileReference; lastKnownFileType = sourcecode.swift; path = AppDelegate.swift; sourceTree = "<group>"; };
		881ED91B1B851874004458C9 /* ViewController.swift */ = {isa = PBXFileReference; lastKnownFileType = sourcecode.swift; path = ViewController.swift; sourceTree = "<group>"; };
		881ED91E1B851874004458C9 /* Base */ = {isa = PBXFileReference; lastKnownFileType = file.storyboard; name = Base; path = Base.lproj/Main.storyboard; sourceTree = "<group>"; };
		881ED9201B851874004458C9 /* Assets.xcassets */ = {isa = PBXFileReference; lastKnownFileType = folder.assetcatalog; path = Assets.xcassets; sourceTree = "<group>"; };
		881ED9231B851874004458C9 /* Base */ = {isa = PBXFileReference; lastKnownFileType = file.storyboard; name = Base; path = Base.lproj/LaunchScreen.storyboard; sourceTree = "<group>"; };
		881ED9251B851874004458C9 /* Info.plist */ = {isa = PBXFileReference; lastKnownFileType = text.plist.xml; path = Info.plist; sourceTree = "<group>"; };
		881ED9281B851874004458C9 /* ContextMenu WatchKit App.app */ = {isa = PBXFileReference; explicitFileType = wrapper.application; includeInIndex = 0; path = "ContextMenu WatchKit App.app"; sourceTree = BUILT_PRODUCTS_DIR; };
		881ED92E1B851874004458C9 /* Base */ = {isa = PBXFileReference; lastKnownFileType = file.storyboard; name = Base; path = Base.lproj/Interface.storyboard; sourceTree = "<group>"; };
		881ED9301B851874004458C9 /* Assets.xcassets */ = {isa = PBXFileReference; lastKnownFileType = folder.assetcatalog; path = Assets.xcassets; sourceTree = "<group>"; };
		881ED9321B851874004458C9 /* Info.plist */ = {isa = PBXFileReference; lastKnownFileType = text.plist.xml; path = Info.plist; sourceTree = "<group>"; };
		881ED9371B851874004458C9 /* ContextMenu WatchKit Extension.appex */ = {isa = PBXFileReference; explicitFileType = "wrapper.app-extension"; includeInIndex = 0; path = "ContextMenu WatchKit Extension.appex"; sourceTree = BUILT_PRODUCTS_DIR; };
		881ED93C1B851874004458C9 /* InterfaceController.swift */ = {isa = PBXFileReference; lastKnownFileType = sourcecode.swift; path = InterfaceController.swift; sourceTree = "<group>"; };
		881ED93E1B851874004458C9 /* ExtensionDelegate.swift */ = {isa = PBXFileReference; lastKnownFileType = sourcecode.swift; path = ExtensionDelegate.swift; sourceTree = "<group>"; };
		881ED9401B851874004458C9 /* Assets.xcassets */ = {isa = PBXFileReference; lastKnownFileType = folder.assetcatalog; path = Assets.xcassets; sourceTree = "<group>"; };
		881ED9421B851874004458C9 /* Info.plist */ = {isa = PBXFileReference; lastKnownFileType = text.plist.xml; path = Info.plist; sourceTree = "<group>"; };
/* End PBXFileReference section */

/* Begin PBXFrameworksBuildPhase section */
		881ED9131B851874004458C9 /* Frameworks */ = {
			isa = PBXFrameworksBuildPhase;
			buildActionMask = 2147483647;
			files = (
			);
			runOnlyForDeploymentPostprocessing = 0;
		};
		881ED9341B851874004458C9 /* Frameworks */ = {
			isa = PBXFrameworksBuildPhase;
			buildActionMask = 2147483647;
			files = (
			);
			runOnlyForDeploymentPostprocessing = 0;
		};
/* End PBXFrameworksBuildPhase section */

/* Begin PBXGroup section */
		881ED90D1B851874004458C9 = {
			isa = PBXGroup;
			children = (
				881ED9181B851874004458C9 /* ContextMenu */,
				881ED92C1B851874004458C9 /* ContextMenu WatchKit App */,
				881ED93B1B851874004458C9 /* ContextMenu WatchKit Extension */,
				881ED9171B851874004458C9 /* Products */,
			);
			sourceTree = "<group>";
		};
		881ED9171B851874004458C9 /* Products */ = {
			isa = PBXGroup;
			children = (
				881ED9161B851874004458C9 /* ContextMenu.app */,
				881ED9281B851874004458C9 /* ContextMenu WatchKit App.app */,
				881ED9371B851874004458C9 /* ContextMenu WatchKit Extension.appex */,
			);
			name = Products;
			sourceTree = "<group>";
		};
		881ED9181B851874004458C9 /* ContextMenu */ = {
			isa = PBXGroup;
			children = (
				881ED9191B851874004458C9 /* AppDelegate.swift */,
				881ED91B1B851874004458C9 /* ViewController.swift */,
				881ED91D1B851874004458C9 /* Main.storyboard */,
				881ED9201B851874004458C9 /* Assets.xcassets */,
				881ED9221B851874004458C9 /* LaunchScreen.storyboard */,
				881ED9251B851874004458C9 /* Info.plist */,
			);
			path = ContextMenu;
			sourceTree = "<group>";
		};
		881ED92C1B851874004458C9 /* ContextMenu WatchKit App */ = {
			isa = PBXGroup;
			children = (
				881ED92D1B851874004458C9 /* Interface.storyboard */,
				881ED9301B851874004458C9 /* Assets.xcassets */,
				881ED9321B851874004458C9 /* Info.plist */,
			);
			path = "ContextMenu WatchKit App";
			sourceTree = "<group>";
		};
		881ED93B1B851874004458C9 /* ContextMenu WatchKit Extension */ = {
			isa = PBXGroup;
			children = (
				881ED93C1B851874004458C9 /* InterfaceController.swift */,
				881ED93E1B851874004458C9 /* ExtensionDelegate.swift */,
				881ED9401B851874004458C9 /* Assets.xcassets */,
				881ED9421B851874004458C9 /* Info.plist */,
			);
			path = "ContextMenu WatchKit Extension";
			sourceTree = "<group>";
		};
/* End PBXGroup section */

/* Begin PBXNativeTarget section */
		881ED9151B851874004458C9 /* ContextMenu */ = {
			isa = PBXNativeTarget;
			buildConfigurationList = 881ED94D1B851874004458C9 /* Build configuration list for PBXNativeTarget "ContextMenu" */;
			buildPhases = (
				881ED9121B851874004458C9 /* Sources */,
				881ED9131B851874004458C9 /* Frameworks */,
				881ED9141B851874004458C9 /* Resources */,
				881ED94C1B851874004458C9 /* Embed Watch Content */,
			);
			buildRules = (
			);
			dependencies = (
				881ED92B1B851874004458C9 /* PBXTargetDependency */,
			);
			name = ContextMenu;
			productName = ContextMenu;
			productReference = 881ED9161B851874004458C9 /* ContextMenu.app */;
			productType = "com.apple.product-type.application";
		};
		881ED9271B851874004458C9 /* ContextMenu WatchKit App */ = {
			isa = PBXNativeTarget;
			buildConfigurationList = 881ED9491B851874004458C9 /* Build configuration list for PBXNativeTarget "ContextMenu WatchKit App" */;
			buildPhases = (
				881ED9261B851874004458C9 /* Resources */,
				881ED9481B851874004458C9 /* Embed App Extensions */,
			);
			buildRules = (
			);
			dependencies = (
				881ED93A1B851874004458C9 /* PBXTargetDependency */,
			);
			name = "ContextMenu WatchKit App";
			productName = "ContextMenu WatchKit App";
			productReference = 881ED9281B851874004458C9 /* ContextMenu WatchKit App.app */;
			productType = "com.apple.product-type.application.watchapp2";
		};
		881ED9361B851874004458C9 /* ContextMenu WatchKit Extension */ = {
			isa = PBXNativeTarget;
			buildConfigurationList = 881ED9451B851874004458C9 /* Build configuration list for PBXNativeTarget "ContextMenu WatchKit Extension" */;
			buildPhases = (
				881ED9331B851874004458C9 /* Sources */,
				881ED9341B851874004458C9 /* Frameworks */,
				881ED9351B851874004458C9 /* Resources */,
			);
			buildRules = (
			);
			dependencies = (
			);
			name = "ContextMenu WatchKit Extension";
			productName = "ContextMenu WatchKit Extension";
			productReference = 881ED9371B851874004458C9 /* ContextMenu WatchKit Extension.appex */;
			productType = "com.apple.product-type.watchkit2-extension";
		};
/* End PBXNativeTarget section */

/* Begin PBXProject section */
		881ED90E1B851874004458C9 /* Project object */ = {
			isa = PBXProject;
			attributes = {
				LastUpgradeCheck = 0700;
				ORGANIZATIONNAME = eBookFrenzy;
				TargetAttributes = {
					881ED9151B851874004458C9 = {
						CreatedOnToolsVersion = 7.0;
					};
					881ED9271B851874004458C9 = {
						CreatedOnToolsVersion = 7.0;
					};
					881ED9361B851874004458C9 = {
						CreatedOnToolsVersion = 7.0;
					};
				};
			};
			buildConfigurationList = 881ED9111B851874004458C9 /* Build configuration list for PBXProject "ContextMenu" */;
			compatibilityVersion = "Xcode 3.2";
			developmentRegion = English;
			hasScannedForEncodings = 0;
			knownRegions = (
				en,
				Base,
			);
			mainGroup = 881ED90D1B851874004458C9;
			productRefGroup = 881ED9171B851874004458C9 /* Products */;
			projectDirPath = "";
			projectRoot = "";
			targets = (
				881ED9151B851874004458C9 /* ContextMenu */,
				881ED9271B851874004458C9 /* ContextMenu WatchKit App */,
				881ED9361B851874004458C9 /* ContextMenu WatchKit Extension */,
			);
		};
/* End PBXProject section */

/* Begin PBXResourcesBuildPhase section */
		881ED9141B851874004458C9 /* Resources */ = {
			isa = PBXResourcesBuildPhase;
			buildActionMask = 2147483647;
			files = (
				881ED9241B851874004458C9 /* LaunchScreen.storyboard in Resources */,
				881ED9211B851874004458C9 /* Assets.xcassets in Resources */,
				881ED91F1B851874004458C9 /* Main.storyboard in Resources */,
			);
			runOnlyForDeploymentPostprocessing = 0;
		};
		881ED9261B851874004458C9 /* Resources */ = {
			isa = PBXResourcesBuildPhase;
			buildActionMask = 2147483647;
			files = (
				881ED9311B851874004458C9 /* Assets.xcassets in Resources */,
				881ED92F1B851874004458C9 /* Interface.storyboard in Resources */,
			);
			runOnlyForDeploymentPostprocessing = 0;
		};
		881ED9351B851874004458C9 /* Resources */ = {
			isa = PBXResourcesBuildPhase;
			buildActionMask = 2147483647;
			files = (
				881ED9411B851874004458C9 /* Assets.xcassets in Resources */,
			);
			runOnlyForDeploymentPostprocessing = 0;
		};
/* End PBXResourcesBuildPhase section */

/* Begin PBXSourcesBuildPhase section */
		881ED9121B851874004458C9 /* Sources */ = {
			isa = PBXSourcesBuildPhase;
			buildActionMask = 2147483647;
			files = (
				881ED91C1B851874004458C9 /* ViewController.swift in Sources */,
				881ED91A1B851874004458C9 /* AppDelegate.swift in Sources */,
			);
			runOnlyForDeploymentPostprocessing = 0;
		};
		881ED9331B851874004458C9 /* Sources */ = {
			isa = PBXSourcesBuildPhase;
			buildActionMask = 2147483647;
			files = (
				881ED93F1B851874004458C9 /* ExtensionDelegate.swift in Sources */,
				881ED93D1B851874004458C9 /* InterfaceController.swift in Sources */,
			);
			runOnlyForDeploymentPostprocessing = 0;
		};
/* End PBXSourcesBuildPhase section */

/* Begin PBXTargetDependency section */
		881ED92B1B851874004458C9 /* PBXTargetDependency */ = {
			isa = PBXTargetDependency;
			target = 881ED9271B851874004458C9 /* ContextMenu WatchKit App */;
			targetProxy = 881ED92A1B851874004458C9 /* PBXContainerItemProxy */;
		};
		881ED93A1B851874004458C9 /* PBXTargetDependency */ = {
			isa = PBXTargetDependency;
			target = 881ED9361B851874004458C9 /* ContextMenu WatchKit Extension */;
			targetProxy = 881ED9391B851874004458C9 /* PBXContainerItemProxy */;
		};
/* End PBXTargetDependency section */

/* Begin PBXVariantGroup section */
		881ED91D1B851874004458C9 /* Main.storyboard */ = {
			isa = PBXVariantGroup;
			children = (
				881ED91E1B851874004458C9 /* Base */,
			);
			name = Main.storyboard;
			sourceTree = "<group>";
		};
		881ED9221B851874004458C9 /* LaunchScreen.storyboard */ = {
			isa = PBXVariantGroup;
			children = (
				881ED9231B851874004458C9 /* Base */,
			);
			name = LaunchScreen.storyboard;
			sourceTree = "<group>";
		};
		881ED92D1B851874004458C9 /* Interface.storyboard */ = {
			isa = PBXVariantGroup;
			children = (
				881ED92E1B851874004458C9 /* Base */,
			);
			name = Interface.storyboard;
			sourceTree = "<group>";
		};
/* End PBXVariantGroup section */

/* Begin XCBuildConfiguration section */
		881ED9431B851874004458C9 /* Debug */ = {
			isa = XCBuildConfiguration;
			buildSettings = {
				ALWAYS_SEARCH_USER_PATHS = NO;
				CLANG_CXX_LANGUAGE_STANDARD = "gnu++0x";
				CLANG_CXX_LIBRARY = "libc++";
				CLANG_ENABLE_MODULES = YES;
				CLANG_ENABLE_OBJC_ARC = YES;
				CLANG_WARN_BOOL_CONVERSION = YES;
				CLANG_WARN_CONSTANT_CONVERSION = YES;
				CLANG_WARN_DIRECT_OBJC_ISA_USAGE = YES_ERROR;
				CLANG_WARN_EMPTY_BODY = YES;
				CLANG_WARN_ENUM_CONVERSION = YES;
				CLANG_WARN_INT_CONVERSION = YES;
				CLANG_WARN_OBJC_ROOT_CLASS = YES_ERROR;
				CLANG_WARN_UNREACHABLE_CODE = YES;
				CLANG_WARN__DUPLICATE_METHOD_MATCH = YES;
				"CODE_SIGN_IDENTITY[sdk=iphoneos*]" = "iPhone Developer";
				COPY_PHASE_STRIP = NO;
				DEBUG_INFORMATION_FORMAT = dwarf;
				ENABLE_STRICT_OBJC_MSGSEND = YES;
				ENABLE_TESTABILITY = YES;
				GCC_C_LANGUAGE_STANDARD = gnu99;
				GCC_DYNAMIC_NO_PIC = NO;
				GCC_NO_COMMON_BLOCKS = YES;
				GCC_OPTIMIZATION_LEVEL = 0;
				GCC_PREPROCESSOR_DEFINITIONS = (
					"DEBUG=1",
					"$(inherited)",
				);
				GCC_WARN_64_TO_32_BIT_CONVERSION = YES;
				GCC_WARN_ABOUT_RETURN_TYPE = YES_ERROR;
				GCC_WARN_UNDECLARED_SELECTOR = YES;
				GCC_WARN_UNINITIALIZED_AUTOS = YES_AGGRESSIVE;
				GCC_WARN_UNUSED_FUNCTION = YES;
				GCC_WARN_UNUSED_VARIABLE = YES;
				IPHONEOS_DEPLOYMENT_TARGET = 9.0;
				MTL_ENABLE_DEBUG_INFO = YES;
				ONLY_ACTIVE_ARCH = YES;
				SDKROOT = iphoneos;
				SWIFT_OPTIMIZATION_LEVEL = "-Onone";
				TARGETED_DEVICE_FAMILY = "1,2";
			};
			name = Debug;
		};
		881ED9441B851874004458C9 /* Release */ = {
			isa = XCBuildConfiguration;
			buildSettings = {
				ALWAYS_SEARCH_USER_PATHS = NO;
				CLANG_CXX_LANGUAGE_STANDARD = "gnu++0x";
				CLANG_CXX_LIBRARY = "libc++";
				CLANG_ENABLE_MODULES = YES;
				CLANG_ENABLE_OBJC_ARC = YES;
				CLANG_WARN_BOOL_CONVERSION = YES;
				CLANG_WARN_CONSTANT_CONVERSION = YES;
				CLANG_WARN_DIRECT_OBJC_ISA_USAGE = YES_ERROR;
				CLANG_WARN_EMPTY_BODY = YES;
				CLANG_WARN_ENUM_CONVERSION = YES;
				CLANG_WARN_INT_CONVERSION = YES;
				CLANG_WARN_OBJC_ROOT_CLASS = YES_ERROR;
				CLANG_WARN_UNREACHABLE_CODE = YES;
				CLANG_WARN__DUPLICATE_METHOD_MATCH = YES;
				"CODE_SIGN_IDENTITY[sdk=iphoneos*]" = "iPhone Developer";
				COPY_PHASE_STRIP = NO;
				DEBUG_INFORMATION_FORMAT = "dwarf-with-dsym";
				ENABLE_NS_ASSERTIONS = NO;
				ENABLE_STRICT_OBJC_MSGSEND = YES;
				GCC_C_LANGUAGE_STANDARD = gnu99;
				GCC_NO_COMMON_BLOCKS = YES;
				GCC_WARN_64_TO_32_BIT_CONVERSION = YES;
				GCC_WARN_ABOUT_RETURN_TYPE = YES_ERROR;
				GCC_WARN_UNDECLARED_SELECTOR = YES;
				GCC_WARN_UNINITIALIZED_AUTOS = YES_AGGRESSIVE;
				GCC_WARN_UNUSED_FUNCTION = YES;
				GCC_WARN_UNUSED_VARIABLE = YES;
				IPHONEOS_DEPLOYMENT_TARGET = 9.0;
				MTL_ENABLE_DEBUG_INFO = NO;
				SDKROOT = iphoneos;
				TARGETED_DEVICE_FAMILY = "1,2";
				VALIDATE_PRODUCT = YES;
			};
			name = Release;
		};
		881ED9461B851874004458C9 /* Debug */ = {
			isa = XCBuildConfiguration;
			buildSettings = {
				INFOPLIST_FILE = "ContextMenu WatchKit Extension/Info.plist";
				LD_RUNPATH_SEARCH_PATHS = "$(inherited) @executable_path/Frameworks @executable_path/../../Frameworks";
				PRODUCT_BUNDLE_IDENTIFIER = com.payloadmedia.ContextMenu.watchkitapp.watchkitextension;
				PRODUCT_NAME = "${TARGET_NAME}";
				SDKROOT = watchos;
				SKIP_INSTALL = YES;
				TARGETED_DEVICE_FAMILY = 4;
				WATCHOS_DEPLOYMENT_TARGET = 2.0;
			};
			name = Debug;
		};
		881ED9471B851874004458C9 /* Release */ = {
			isa = XCBuildConfiguration;
			buildSettings = {
				INFOPLIST_FILE = "ContextMenu WatchKit Extension/Info.plist";
				LD_RUNPATH_SEARCH_PATHS = "$(inherited) @executable_path/Frameworks @executable_path/../../Frameworks";
				PRODUCT_BUNDLE_IDENTIFIER = com.payloadmedia.ContextMenu.watchkitapp.watchkitextension;
				PRODUCT_NAME = "${TARGET_NAME}";
				SDKROOT = watchos;
				SKIP_INSTALL = YES;
				TARGETED_DEVICE_FAMILY = 4;
				WATCHOS_DEPLOYMENT_TARGET = 2.0;
			};
			name = Release;
		};
		881ED94A1B851874004458C9 /* Debug */ = {
			isa = XCBuildConfiguration;
			buildSettings = {
				ASSETCATALOG_COMPILER_APPICON_NAME = AppIcon;
				EMBEDDED_CONTENT_CONTAINS_SWIFT = YES;
				IBSC_MODULE = ContextMenu_WatchKit_Extension;
				INFOPLIST_FILE = "ContextMenu WatchKit App/Info.plist";
				PRODUCT_BUNDLE_IDENTIFIER = com.payloadmedia.ContextMenu.watchkitapp;
				PRODUCT_NAME = "$(TARGET_NAME)";
				SDKROOT = watchos;
				SKIP_INSTALL = YES;
				TARGETED_DEVICE_FAMILY = 4;
				WATCHOS_DEPLOYMENT_TARGET = 2.0;
			};
			name = Debug;
		};
		881ED94B1B851874004458C9 /* Release */ = {
			isa = XCBuildConfiguration;
			buildSettings = {
				ASSETCATALOG_COMPILER_APPICON_NAME = AppIcon;
				EMBEDDED_CONTENT_CONTAINS_SWIFT = YES;
				IBSC_MODULE = ContextMenu_WatchKit_Extension;
				INFOPLIST_FILE = "ContextMenu WatchKit App/Info.plist";
				PRODUCT_BUNDLE_IDENTIFIER = com.payloadmedia.ContextMenu.watchkitapp;
				PRODUCT_NAME = "$(TARGET_NAME)";
				SDKROOT = watchos;
				SKIP_INSTALL = YES;
				TARGETED_DEVICE_FAMILY = 4;
				WATCHOS_DEPLOYMENT_TARGET = 2.0;
			};
			name = Release;
		};
		881ED94E1B851874004458C9 /* Debug */ = {
			isa = XCBuildConfiguration;
			buildSettings = {
				ASSETCATALOG_COMPILER_APPICON_NAME = AppIcon;
				INFOPLIST_FILE = ContextMenu/Info.plist;
				LD_RUNPATH_SEARCH_PATHS = "$(inherited) @executable_path/Frameworks";
				PRODUCT_BUNDLE_IDENTIFIER = com.payloadmedia.ContextMenu;
				PRODUCT_NAME = "$(TARGET_NAME)";
			};
			name = Debug;
		};
		881ED94F1B851874004458C9 /* Release */ = {
			isa = XCBuildConfiguration;
			buildSettings = {
				ASSETCATALOG_COMPILER_APPICON_NAME = AppIcon;
				INFOPLIST_FILE = ContextMenu/Info.plist;
				LD_RUNPATH_SEARCH_PATHS = "$(inherited) @executable_path/Frameworks";
				PRODUCT_BUNDLE_IDENTIFIER = com.payloadmedia.ContextMenu;
				PRODUCT_NAME = "$(TARGET_NAME)";
			};
			name = Release;
		};
/* End XCBuildConfiguration section */

/* Begin XCConfigurationList section */
		881ED9111B851874004458C9 /* Build configuration list for PBXProject "ContextMenu" */ = {
			isa = XCConfigurationList;
			buildConfigurations = (
				881ED9431B851874004458C9 /* Debug */,
				881ED9441B851874004458C9 /* Release */,
			);
			defaultConfigurationIsVisible = 0;
			defaultConfigurationName = Release;
		};
		881ED9451B851874004458C9 /* Build configuration list for PBXNativeTarget "ContextMenu WatchKit Extension" */ = {
			isa = XCConfigurationList;
			buildConfigurations = (
				881ED9461B851874004458C9 /* Debug */,
				881ED9471B851874004458C9 /* Release */,
			);
			defaultConfigurationIsVisible = 0;
		};
		881ED9491B851874004458C9 /* Build configuration list for PBXNativeTarget "ContextMenu WatchKit App" */ = {
			isa = XCConfigurationList;
			buildConfigurations = (
				881ED94A1B851874004458C9 /* Debug */,
				881ED94B1B851874004458C9 /* Release */,
			);
			defaultConfigurationIsVisible = 0;
		};
		881ED94D1B851874004458C9 /* Build configuration list for PBXNativeTarget "ContextMenu" */ = {
			isa = XCConfigurationList;
			buildConfigurations = (
				881ED94E1B851874004458C9 /* Debug */,
				881ED94F1B851874004458C9 /* Release */,
			);
			defaultConfigurationIsVisible = 0;
		};
/* End XCConfigurationList section */
	};
	rootObject = 881ED90E1B851874004458C9 /* Project object */;
}
