// !$*UTF8*$!
{
	archiveVersion = 1;
	classes = {
	};
	objectVersion = 46;
	objects = {

/* Begin PBXBuildFile section */
		881B88671B8655E000E3152B /* AppDelegate.swift in Sources */ = {isa = PBXBuildFile; fileRef = 881B88661B8655E000E3152B /* AppDelegate.swift */; };
		881B88691B8655E000E3152B /* ViewController.swift in Sources */ = {isa = PBXBuildFile; fileRef = 881B88681B8655E000E3152B /* ViewController.swift */; };
		881B886C1B8655E000E3152B /* Main.storyboard in Resources */ = {isa = PBXBuildFile; fileRef = 881B886A1B8655E000E3152B /* Main.storyboard */; };
		881B886E1B8655E000E3152B /* Assets.xcassets in Resources */ = {isa = PBXBuildFile; fileRef = 881B886D1B8655E000E3152B /* Assets.xcassets */; };
		881B88711B8655E000E3152B /* LaunchScreen.storyboard in Resources */ = {isa = PBXBuildFile; fileRef = 881B886F1B8655E000E3152B /* LaunchScreen.storyboard */; };
		881B88761B8655E000E3152B /* NotifyDemoApp WatchKit App.app in Embed Watch Content */ = {isa = PBXBuildFile; fileRef = 881B88751B8655E000E3152B /* NotifyDemoApp WatchKit App.app */; };
		881B887C1B8655E000E3152B /* Interface.storyboard in Resources */ = {isa = PBXBuildFile; fileRef = 881B887A1B8655E000E3152B /* Interface.storyboard */; };
		881B887E1B8655E000E3152B /* Assets.xcassets in Resources */ = {isa = PBXBuildFile; fileRef = 881B887D1B8655E000E3152B /* Assets.xcassets */; };
		881B88851B8655E000E3152B /* NotifyDemoApp WatchKit Extension.appex in Embed App Extensions */ = {isa = PBXBuildFile; fileRef = 881B88841B8655E000E3152B /* NotifyDemoApp WatchKit Extension.appex */; settings = {ATTRIBUTES = (RemoveHeadersOnCopy, ); }; };
		881B888A1B8655E000E3152B /* InterfaceController.swift in Sources */ = {isa = PBXBuildFile; fileRef = 881B88891B8655E000E3152B /* InterfaceController.swift */; };
		881B888C1B8655E000E3152B /* ExtensionDelegate.swift in Sources */ = {isa = PBXBuildFile; fileRef = 881B888B1B8655E000E3152B /* ExtensionDelegate.swift */; };
		881B888E1B8655E000E3152B /* Assets.xcassets in Resources */ = {isa = PBXBuildFile; fileRef = 881B888D1B8655E000E3152B /* Assets.xcassets */; };
/* End PBXBuildFile section */

/* Begin PBXContainerItemProxy section */
		881B88771B8655E000E3152B /* PBXContainerItemProxy */ = {
			isa = PBXContainerItemProxy;
			containerPortal = 881B885B1B8655E000E3152B /* Project object */;
			proxyType = 1;
			remoteGlobalIDString = 881B88741B8655E000E3152B;
			remoteInfo = "NotifyDemoApp WatchKit App";
		};
		881B88861B8655E000E3152B /* PBXContainerItemProxy */ = {
			isa = PBXContainerItemProxy;
			containerPortal = 881B885B1B8655E000E3152B /* Project object */;
			proxyType = 1;
			remoteGlobalIDString = 881B88831B8655E000E3152B;
			remoteInfo = "NotifyDemoApp WatchKit Extension";
		};
/* End PBXContainerItemProxy section */

/* Begin PBXCopyFilesBuildPhase section */
		881B88951B8655E000E3152B /* Embed App Extensions */ = {
			isa = PBXCopyFilesBuildPhase;
			buildActionMask = 2147483647;
			dstPath = "";
			dstSubfolderSpec = 13;
			files = (
				881B88851B8655E000E3152B /* NotifyDemoApp WatchKit Extension.appex in Embed App Extensions */,
			);
			name = "Embed App Extensions";
			runOnlyForDeploymentPostprocessing = 0;
		};
		881B88991B8655E000E3152B /* Embed Watch Content */ = {
			isa = PBXCopyFilesBuildPhase;
			buildActionMask = 2147483647;
			dstPath = "$(CONTENTS_FOLDER_PATH)/Watch";
			dstSubfolderSpec = 16;
			files = (
				881B88761B8655E000E3152B /* NotifyDemoApp WatchKit App.app in Embed Watch Content */,
			);
			name = "Embed Watch Content";
			runOnlyForDeploymentPostprocessing = 0;
		};
/* End PBXCopyFilesBuildPhase section */

/* Begin PBXFileReference section */
		881B88631B8655E000E3152B /* NotifyDemoApp.app */ = {isa = PBXFileReference; explicitFileType = wrapper.application; includeInIndex = 0; path = NotifyDemoApp.app; sourceTree = BUILT_PRODUCTS_DIR; };
		881B88661B8655E000E3152B /* AppDelegate.swift */ = {isa = PBXFileReference; lastKnownFileType = sourcecode.swift; path = AppDelegate.swift; sourceTree = "<group>"; };
		881B88681B8655E000E3152B /* ViewController.swift */ = {isa = PBXFileReference; lastKnownFileType = sourcecode.swift; path = ViewController.swift; sourceTree = "<group>"; };
		881B886B1B8655E000E3152B /* Base */ = {isa = PBXFileReference; lastKnownFileType = file.storyboard; name = Base; path = Base.lproj/Main.storyboard; sourceTree = "<group>"; };
		881B886D1B8655E000E3152B /* Assets.xcassets */ = {isa = PBXFileReference; lastKnownFileType = folder.assetcatalog; path = Assets.xcassets; sourceTree = "<group>"; };
		881B88701B8655E000E3152B /* Base */ = {isa = PBXFileReference; lastKnownFileType = file.storyboard; name = Base; path = Base.lproj/LaunchScreen.storyboard; sourceTree = "<group>"; };
		881B88721B8655E000E3152B /* Info.plist */ = {isa = PBXFileReference; lastKnownFileType = text.plist.xml; path = Info.plist; sourceTree = "<group>"; };
		881B88751B8655E000E3152B /* NotifyDemoApp WatchKit App.app */ = {isa = PBXFileReference; explicitFileType = wrapper.application; includeInIndex = 0; path = "NotifyDemoApp WatchKit App.app"; sourceTree = BUILT_PRODUCTS_DIR; };
		881B887B1B8655E000E3152B /* Base */ = {isa = PBXFileReference; lastKnownFileType = file.storyboard; name = Base; path = Base.lproj/Interface.storyboard; sourceTree = "<group>"; };
		881B887D1B8655E000E3152B /* Assets.xcassets */ = {isa = PBXFileReference; lastKnownFileType = folder.assetcatalog; path = Assets.xcassets; sourceTree = "<group>"; };
		881B887F1B8655E000E3152B /* Info.plist */ = {isa = PBXFileReference; lastKnownFileType = text.plist.xml; path = Info.plist; sourceTree = "<group>"; };
		881B88841B8655E000E3152B /* NotifyDemoApp WatchKit Extension.appex */ = {isa = PBXFileReference; explicitFileType = "wrapper.app-extension"; includeInIndex = 0; path = "NotifyDemoApp WatchKit Extension.appex"; sourceTree = BUILT_PRODUCTS_DIR; };
		881B88891B8655E000E3152B /* InterfaceController.swift */ = {isa = PBXFileReference; lastKnownFileType = sourcecode.swift; path = InterfaceController.swift; sourceTree = "<group>"; };
		881B888B1B8655E000E3152B /* ExtensionDelegate.swift */ = {isa = PBXFileReference; lastKnownFileType = sourcecode.swift; path = ExtensionDelegate.swift; sourceTree = "<group>"; };
		881B888D1B8655E000E3152B /* Assets.xcassets */ = {isa = PBXFileReference; lastKnownFileType = folder.assetcatalog; path = Assets.xcassets; sourceTree = "<group>"; };
		881B888F1B8655E000E3152B /* Info.plist */ = {isa = PBXFileReference; lastKnownFileType = text.plist.xml; path = Info.plist; sourceTree = "<group>"; };
/* End PBXFileReference section */

/* Begin PBXFrameworksBuildPhase section */
		881B88601B8655E000E3152B /* Frameworks */ = {
			isa = PBXFrameworksBuildPhase;
			buildActionMask = 2147483647;
			files = (
			);
			runOnlyForDeploymentPostprocessing = 0;
		};
		881B88811B8655E000E3152B /* Frameworks */ = {
			isa = PBXFrameworksBuildPhase;
			buildActionMask = 2147483647;
			files = (
			);
			runOnlyForDeploymentPostprocessing = 0;
		};
/* End PBXFrameworksBuildPhase section */

/* Begin PBXGroup section */
		881B885A1B8655E000E3152B = {
			isa = PBXGroup;
			children = (
				881B88651B8655E000E3152B /* NotifyDemoApp */,
				881B88791B8655E000E3152B /* NotifyDemoApp WatchKit App */,
				881B88881B8655E000E3152B /* NotifyDemoApp WatchKit Extension */,
				881B88641B8655E000E3152B /* Products */,
			);
			sourceTree = "<group>";
		};
		881B88641B8655E000E3152B /* Products */ = {
			isa = PBXGroup;
			children = (
				881B88631B8655E000E3152B /* NotifyDemoApp.app */,
				881B88751B8655E000E3152B /* NotifyDemoApp WatchKit App.app */,
				881B88841B8655E000E3152B /* NotifyDemoApp WatchKit Extension.appex */,
			);
			name = Products;
			sourceTree = "<group>";
		};
		881B88651B8655E000E3152B /* NotifyDemoApp */ = {
			isa = PBXGroup;
			children = (
				881B88661B8655E000E3152B /* AppDelegate.swift */,
				881B88681B8655E000E3152B /* ViewController.swift */,
				881B886A1B8655E000E3152B /* Main.storyboard */,
				881B886D1B8655E000E3152B /* Assets.xcassets */,
				881B886F1B8655E000E3152B /* LaunchScreen.storyboard */,
				881B88721B8655E000E3152B /* Info.plist */,
			);
			path = NotifyDemoApp;
			sourceTree = "<group>";
		};
		881B88791B8655E000E3152B /* NotifyDemoApp WatchKit App */ = {
			isa = PBXGroup;
			children = (
				881B887A1B8655E000E3152B /* Interface.storyboard */,
				881B887D1B8655E000E3152B /* Assets.xcassets */,
				881B887F1B8655E000E3152B /* Info.plist */,
			);
			path = "NotifyDemoApp WatchKit App";
			sourceTree = "<group>";
		};
		881B88881B8655E000E3152B /* NotifyDemoApp WatchKit Extension */ = {
			isa = PBXGroup;
			children = (
				881B88891B8655E000E3152B /* InterfaceController.swift */,
				881B888B1B8655E000E3152B /* ExtensionDelegate.swift */,
				881B888D1B8655E000E3152B /* Assets.xcassets */,
				881B888F1B8655E000E3152B /* Info.plist */,
			);
			path = "NotifyDemoApp WatchKit Extension";
			sourceTree = "<group>";
		};
/* End PBXGroup section */

/* Begin PBXNativeTarget section */
		881B88621B8655E000E3152B /* NotifyDemoApp */ = {
			isa = PBXNativeTarget;
			buildConfigurationList = 881B889A1B8655E000E3152B /* Build configuration list for PBXNativeTarget "NotifyDemoApp" */;
			buildPhases = (
				881B885F1B8655E000E3152B /* Sources */,
				881B88601B8655E000E3152B /* Frameworks */,
				881B88611B8655E000E3152B /* Resources */,
				881B88991B8655E000E3152B /* Embed Watch Content */,
			);
			buildRules = (
			);
			dependencies = (
				881B88781B8655E000E3152B /* PBXTargetDependency */,
			);
			name = NotifyDemoApp;
			productName = NotifyDemoApp;
			productReference = 881B88631B8655E000E3152B /* NotifyDemoApp.app */;
			productType = "com.apple.product-type.application";
		};
		881B88741B8655E000E3152B /* NotifyDemoApp WatchKit App */ = {
			isa = PBXNativeTarget;
			buildConfigurationList = 881B88961B8655E000E3152B /* Build configuration list for PBXNativeTarget "NotifyDemoApp WatchKit App" */;
			buildPhases = (
				881B88731B8655E000E3152B /* Resources */,
				881B88951B8655E000E3152B /* Embed App Extensions */,
			);
			buildRules = (
			);
			dependencies = (
				881B88871B8655E000E3152B /* PBXTargetDependency */,
			);
			name = "NotifyDemoApp WatchKit App";
			productName = "NotifyDemoApp WatchKit App";
			productReference = 881B88751B8655E000E3152B /* NotifyDemoApp WatchKit App.app */;
			productType = "com.apple.product-type.application.watchapp2";
		};
		881B88831B8655E000E3152B /* NotifyDemoApp WatchKit Extension */ = {
			isa = PBXNativeTarget;
			buildConfigurationList = 881B88921B8655E000E3152B /* Build configuration list for PBXNativeTarget "NotifyDemoApp WatchKit Extension" */;
			buildPhases = (
				881B88801B8655E000E3152B /* Sources */,
				881B88811B8655E000E3152B /* Frameworks */,
				881B88821B8655E000E3152B /* Resources */,
			);
			buildRules = (
			);
			dependencies = (
			);
			name = "NotifyDemoApp WatchKit Extension";
			productName = "NotifyDemoApp WatchKit Extension";
			productReference = 881B88841B8655E000E3152B /* NotifyDemoApp WatchKit Extension.appex */;
			productType = "com.apple.product-type.watchkit2-extension";
		};
/* End PBXNativeTarget section */

/* Begin PBXProject section */
		881B885B1B8655E000E3152B /* Project object */ = {
			isa = PBXProject;
			attributes = {
				LastUpgradeCheck = 0700;
				ORGANIZATIONNAME = eBookFrenzy;
				TargetAttributes = {
					881B88621B8655E000E3152B = {
						CreatedOnToolsVersion = 7.0;
					};
					881B88741B8655E000E3152B = {
						CreatedOnToolsVersion = 7.0;
					};
					881B88831B8655E000E3152B = {
						CreatedOnToolsVersion = 7.0;
					};
				};
			};
			buildConfigurationList = 881B885E1B8655E000E3152B /* Build configuration list for PBXProject "NotifyDemoApp" */;
			compatibilityVersion = "Xcode 3.2";
			developmentRegion = English;
			hasScannedForEncodings = 0;
			knownRegions = (
				en,
				Base,
			);
			mainGroup = 881B885A1B8655E000E3152B;
			productRefGroup = 881B88641B8655E000E3152B /* Products */;
			projectDirPath = "";
			projectRoot = "";
			targets = (
				881B88621B8655E000E3152B /* NotifyDemoApp */,
				881B88741B8655E000E3152B /* NotifyDemoApp WatchKit App */,
				881B88831B8655E000E3152B /* NotifyDemoApp WatchKit Extension */,
			);
		};
/* End PBXProject section */

/* Begin PBXResourcesBuildPhase section */
		881B88611B8655E000E3152B /* Resources */ = {
			isa = PBXResourcesBuildPhase;
			buildActionMask = 2147483647;
			files = (
				881B88711B8655E000E3152B /* LaunchScreen.storyboard in Resources */,
				881B886E1B8655E000E3152B /* Assets.xcassets in Resources */,
				881B886C1B8655E000E3152B /* Main.storyboard in Resources */,
			);
			runOnlyForDeploymentPostprocessing = 0;
		};
		881B88731B8655E000E3152B /* Resources */ = {
			isa = PBXResourcesBuildPhase;
			buildActionMask = 2147483647;
			files = (
				881B887E1B8655E000E3152B /* Assets.xcassets in Resources */,
				881B887C1B8655E000E3152B /* Interface.storyboard in Resources */,
			);
			runOnlyForDeploymentPostprocessing = 0;
		};
		881B88821B8655E000E3152B /* Resources */ = {
			isa = PBXResourcesBuildPhase;
			buildActionMask = 2147483647;
			files = (
				881B888E1B8655E000E3152B /* Assets.xcassets in Resources */,
			);
			runOnlyForDeploymentPostprocessing = 0;
		};
/* End PBXResourcesBuildPhase section */

/* Begin PBXSourcesBuildPhase section */
		881B885F1B8655E000E3152B /* Sources */ = {
			isa = PBXSourcesBuildPhase;
			buildActionMask = 2147483647;
			files = (
				881B88691B8655E000E3152B /* ViewController.swift in Sources */,
				881B88671B8655E000E3152B /* AppDelegate.swift in Sources */,
			);
			runOnlyForDeploymentPostprocessing = 0;
		};
		881B88801B8655E000E3152B /* Sources */ = {
			isa = PBXSourcesBuildPhase;
			buildActionMask = 2147483647;
			files = (
				881B888C1B8655E000E3152B /* ExtensionDelegate.swift in Sources */,
				881B888A1B8655E000E3152B /* InterfaceController.swift in Sources */,
			);
			runOnlyForDeploymentPostprocessing = 0;
		};
/* End PBXSourcesBuildPhase section */

/* Begin PBXTargetDependency section */
		881B88781B8655E000E3152B /* PBXTargetDependency */ = {
			isa = PBXTargetDependency;
			target = 881B88741B8655E000E3152B /* NotifyDemoApp WatchKit App */;
			targetProxy = 881B88771B8655E000E3152B /* PBXContainerItemProxy */;
		};
		881B88871B8655E000E3152B /* PBXTargetDependency */ = {
			isa = PBXTargetDependency;
			target = 881B88831B8655E000E3152B /* NotifyDemoApp WatchKit Extension */;
			targetProxy = 881B88861B8655E000E3152B /* PBXContainerItemProxy */;
		};
/* End PBXTargetDependency section */

/* Begin PBXVariantGroup section */
		881B886A1B8655E000E3152B /* Main.storyboard */ = {
			isa = PBXVariantGroup;
			children = (
				881B886B1B8655E000E3152B /* Base */,
			);
			name = Main.storyboard;
			sourceTree = "<group>";
		};
		881B886F1B8655E000E3152B /* LaunchScreen.storyboard */ = {
			isa = PBXVariantGroup;
			children = (
				881B88701B8655E000E3152B /* Base */,
			);
			name = LaunchScreen.storyboard;
			sourceTree = "<group>";
		};
		881B887A1B8655E000E3152B /* Interface.storyboard */ = {
			isa = PBXVariantGroup;
			children = (
				881B887B1B8655E000E3152B /* Base */,
			);
			name = Interface.storyboard;
			sourceTree = "<group>";
		};
/* End PBXVariantGroup section */

/* Begin XCBuildConfiguration section */
		881B88901B8655E000E3152B /* Debug */ = {
			isa = XCBuildConfiguration;
			buildSettings = {
				ALWAYS_SEARCH_USER_PATHS = NO;
				CLANG_CXX_LANGUAGE_STANDARD = "gnu++0x";
				CLANG_CXX_LIBRARY = "libc++";
				CLANG_ENABLE_MODULES = YES;
				CLANG_ENABLE_OBJC_ARC = YES;
				CLANG_WARN_BOOL_CONVERSION = YES;
				CLANG_WARN_CONSTANT_CONVERSION = YES;
				CLANG_WARN_DIRECT_OBJC_ISA_USAGE = YES_ERROR;
				CLANG_WARN_EMPTY_BODY = YES;
				CLANG_WARN_ENUM_CONVERSION = YES;
				CLANG_WARN_INT_CONVERSION = YES;
				CLANG_WARN_OBJC_ROOT_CLASS = YES_ERROR;
				CLANG_WARN_UNREACHABLE_CODE = YES;
				CLANG_WARN__DUPLICATE_METHOD_MATCH = YES;
				"CODE_SIGN_IDENTITY[sdk=iphoneos*]" = "iPhone Developer";
				COPY_PHASE_STRIP = NO;
				DEBUG_INFORMATION_FORMAT = dwarf;
				ENABLE_STRICT_OBJC_MSGSEND = YES;
				ENABLE_TESTABILITY = YES;
				GCC_C_LANGUAGE_STANDARD = gnu99;
				GCC_DYNAMIC_NO_PIC = NO;
				GCC_NO_COMMON_BLOCKS = YES;
				GCC_OPTIMIZATION_LEVEL = 0;
				GCC_PREPROCESSOR_DEFINITIONS = (
					"DEBUG=1",
					"$(inherited)",
				);
				GCC_WARN_64_TO_32_BIT_CONVERSION = YES;
				GCC_WARN_ABOUT_RETURN_TYPE = YES_ERROR;
				GCC_WARN_UNDECLARED_SELECTOR = YES;
				GCC_WARN_UNINITIALIZED_AUTOS = YES_AGGRESSIVE;
				GCC_WARN_UNUSED_FUNCTION = YES;
				GCC_WARN_UNUSED_VARIABLE = YES;
				IPHONEOS_DEPLOYMENT_TARGET = 9.0;
				MTL_ENABLE_DEBUG_INFO = YES;
				ONLY_ACTIVE_ARCH = YES;
				SDKROOT = iphoneos;
				SWIFT_OPTIMIZATION_LEVEL = "-Onone";
				TARGETED_DEVICE_FAMILY = "1,2";
			};
			name = Debug;
		};
		881B88911B8655E000E3152B /* Release */ = {
			isa = XCBuildConfiguration;
			buildSettings = {
				ALWAYS_SEARCH_USER_PATHS = NO;
				CLANG_CXX_LANGUAGE_STANDARD = "gnu++0x";
				CLANG_CXX_LIBRARY = "libc++";
				CLANG_ENABLE_MODULES = YES;
				CLANG_ENABLE_OBJC_ARC = YES;
				CLANG_WARN_BOOL_CONVERSION = YES;
				CLANG_WARN_CONSTANT_CONVERSION = YES;
				CLANG_WARN_DIRECT_OBJC_ISA_USAGE = YES_ERROR;
				CLANG_WARN_EMPTY_BODY = YES;
				CLANG_WARN_ENUM_CONVERSION = YES;
				CLANG_WARN_INT_CONVERSION = YES;
				CLANG_WARN_OBJC_ROOT_CLASS = YES_ERROR;
				CLANG_WARN_UNREACHABLE_CODE = YES;
				CLANG_WARN__DUPLICATE_METHOD_MATCH = YES;
				"CODE_SIGN_IDENTITY[sdk=iphoneos*]" = "iPhone Developer";
				COPY_PHASE_STRIP = NO;
				DEBUG_INFORMATION_FORMAT = "dwarf-with-dsym";
				ENABLE_NS_ASSERTIONS = NO;
				ENABLE_STRICT_OBJC_MSGSEND = YES;
				GCC_C_LANGUAGE_STANDARD = gnu99;
				GCC_NO_COMMON_BLOCKS = YES;
				GCC_WARN_64_TO_32_BIT_CONVERSION = YES;
				GCC_WARN_ABOUT_RETURN_TYPE = YES_ERROR;
				GCC_WARN_UNDECLARED_SELECTOR = YES;
				GCC_WARN_UNINITIALIZED_AUTOS = YES_AGGRESSIVE;
				GCC_WARN_UNUSED_FUNCTION = YES;
				GCC_WARN_UNUSED_VARIABLE = YES;
				IPHONEOS_DEPLOYMENT_TARGET = 9.0;
				MTL_ENABLE_DEBUG_INFO = NO;
				SDKROOT = iphoneos;
				TARGETED_DEVICE_FAMILY = "1,2";
				VALIDATE_PRODUCT = YES;
			};
			name = Release;
		};
		881B88931B8655E000E3152B /* Debug */ = {
			isa = XCBuildConfiguration;
			buildSettings = {
				INFOPLIST_FILE = "NotifyDemoApp WatchKit Extension/Info.plist";
				LD_RUNPATH_SEARCH_PATHS = "$(inherited) @executable_path/Frameworks @executable_path/../../Frameworks";
				PRODUCT_BUNDLE_IDENTIFIER = com.payloadmedia.NotifyDemoApp.watchkitapp.watchkitextension;
				PRODUCT_NAME = "${TARGET_NAME}";
				SDKROOT = watchos;
				SKIP_INSTALL = YES;
				TARGETED_DEVICE_FAMILY = 4;
				WATCHOS_DEPLOYMENT_TARGET = 2.0;
			};
			name = Debug;
		};
		881B88941B8655E000E3152B /* Release */ = {
			isa = XCBuildConfiguration;
			buildSettings = {
				INFOPLIST_FILE = "NotifyDemoApp WatchKit Extension/Info.plist";
				LD_RUNPATH_SEARCH_PATHS = "$(inherited) @executable_path/Frameworks @executable_path/../../Frameworks";
				PRODUCT_BUNDLE_IDENTIFIER = com.payloadmedia.NotifyDemoApp.watchkitapp.watchkitextension;
				PRODUCT_NAME = "${TARGET_NAME}";
				SDKROOT = watchos;
				SKIP_INSTALL = YES;
				TARGETED_DEVICE_FAMILY = 4;
				WATCHOS_DEPLOYMENT_TARGET = 2.0;
			};
			name = Release;
		};
		881B88971B8655E000E3152B /* Debug */ = {
			isa = XCBuildConfiguration;
			buildSettings = {
				ASSETCATALOG_COMPILER_APPICON_NAME = AppIcon;
				EMBEDDED_CONTENT_CONTAINS_SWIFT = YES;
				IBSC_MODULE = NotifyDemoApp_WatchKit_Extension;
				INFOPLIST_FILE = "NotifyDemoApp WatchKit App/Info.plist";
				PRODUCT_BUNDLE_IDENTIFIER = com.payloadmedia.NotifyDemoApp.watchkitapp;
				PRODUCT_NAME = "$(TARGET_NAME)";
				SDKROOT = watchos;
				SKIP_INSTALL = YES;
				TARGETED_DEVICE_FAMILY = 4;
				WATCHOS_DEPLOYMENT_TARGET = 2.0;
			};
			name = Debug;
		};
		881B88981B8655E000E3152B /* Release */ = {
			isa = XCBuildConfiguration;
			buildSettings = {
				ASSETCATALOG_COMPILER_APPICON_NAME = AppIcon;
				EMBEDDED_CONTENT_CONTAINS_SWIFT = YES;
				IBSC_MODULE = NotifyDemoApp_WatchKit_Extension;
				INFOPLIST_FILE = "NotifyDemoApp WatchKit App/Info.plist";
				PRODUCT_BUNDLE_IDENTIFIER = com.payloadmedia.NotifyDemoApp.watchkitapp;
				PRODUCT_NAME = "$(TARGET_NAME)";
				SDKROOT = watchos;
				SKIP_INSTALL = YES;
				TARGETED_DEVICE_FAMILY = 4;
				WATCHOS_DEPLOYMENT_TARGET = 2.0;
			};
			name = Release;
		};
		881B889B1B8655E000E3152B /* Debug */ = {
			isa = XCBuildConfiguration;
			buildSettings = {
				ASSETCATALOG_COMPILER_APPICON_NAME = AppIcon;
				INFOPLIST_FILE = NotifyDemoApp/Info.plist;
				LD_RUNPATH_SEARCH_PATHS = "$(inherited) @executable_path/Frameworks";
				PRODUCT_BUNDLE_IDENTIFIER = com.payloadmedia.NotifyDemoApp;
				PRODUCT_NAME = "$(TARGET_NAME)";
			};
			name = Debug;
		};
		881B889C1B8655E000E3152B /* Release */ = {
			isa = XCBuildConfiguration;
			buildSettings = {
				ASSETCATALOG_COMPILER_APPICON_NAME = AppIcon;
				INFOPLIST_FILE = NotifyDemoApp/Info.plist;
				LD_RUNPATH_SEARCH_PATHS = "$(inherited) @executable_path/Frameworks";
				PRODUCT_BUNDLE_IDENTIFIER = com.payloadmedia.NotifyDemoApp;
				PRODUCT_NAME = "$(TARGET_NAME)";
			};
			name = Release;
		};
/* End XCBuildConfiguration section */

/* Begin XCConfigurationList section */
		881B885E1B8655E000E3152B /* Build configuration list for PBXProject "NotifyDemoApp" */ = {
			isa = XCConfigurationList;
			buildConfigurations = (
				881B88901B8655E000E3152B /* Debug */,
				881B88911B8655E000E3152B /* Release */,
			);
			defaultConfigurationIsVisible = 0;
			defaultConfigurationName = Release;
		};
		881B88921B8655E000E3152B /* Build configuration list for PBXNativeTarget "NotifyDemoApp WatchKit Extension" */ = {
			isa = XCConfigurationList;
			buildConfigurations = (
				881B88931B8655E000E3152B /* Debug */,
				881B88941B8655E000E3152B /* Release */,
			);
			defaultConfigurationIsVisible = 0;
		};
		881B88961B8655E000E3152B /* Build configuration list for PBXNativeTarget "NotifyDemoApp WatchKit App" */ = {
			isa = XCConfigurationList;
			buildConfigurations = (
				881B88971B8655E000E3152B /* Debug */,
				881B88981B8655E000E3152B /* Release */,
			);
			defaultConfigurationIsVisible = 0;
		};
		881B889A1B8655E000E3152B /* Build configuration list for PBXNativeTarget "NotifyDemoApp" */ = {
			isa = XCConfigurationList;
			buildConfigurations = (
				881B889B1B8655E000E3152B /* Debug */,
				881B889C1B8655E000E3152B /* Release */,
			);
			defaultConfigurationIsVisible = 0;
		};
/* End XCConfigurationList section */
	};
	rootObject = 881B885B1B8655E000E3152B /* Project object */;
}
