// !$*UTF8*$!
{
	archiveVersion = 1;
	classes = {
	};
	objectVersion = 46;
	objects = {

/* Begin PBXBuildFile section */
		882420EE1B852E9500D7ECB5 /* AppDelegate.swift in Sources */ = {isa = PBXBuildFile; fileRef = 882420ED1B852E9500D7ECB5 /* AppDelegate.swift */; };
		882420F01B852E9500D7ECB5 /* ViewController.swift in Sources */ = {isa = PBXBuildFile; fileRef = 882420EF1B852E9500D7ECB5 /* ViewController.swift */; };
		882420F31B852E9500D7ECB5 /* Main.storyboard in Resources */ = {isa = PBXBuildFile; fileRef = 882420F11B852E9500D7ECB5 /* Main.storyboard */; };
		882420F51B852E9500D7ECB5 /* Assets.xcassets in Resources */ = {isa = PBXBuildFile; fileRef = 882420F41B852E9500D7ECB5 /* Assets.xcassets */; };
		882420F81B852E9500D7ECB5 /* LaunchScreen.storyboard in Resources */ = {isa = PBXBuildFile; fileRef = 882420F61B852E9500D7ECB5 /* LaunchScreen.storyboard */; };
		882420FD1B852E9500D7ECB5 /* PickerImagesApp WatchKit App.app in Embed Watch Content */ = {isa = PBXBuildFile; fileRef = 882420FC1B852E9500D7ECB5 /* PickerImagesApp WatchKit App.app */; };
		882421031B852E9500D7ECB5 /* Interface.storyboard in Resources */ = {isa = PBXBuildFile; fileRef = 882421011B852E9500D7ECB5 /* Interface.storyboard */; };
		882421051B852E9500D7ECB5 /* Assets.xcassets in Resources */ = {isa = PBXBuildFile; fileRef = 882421041B852E9500D7ECB5 /* Assets.xcassets */; };
		8824210C1B852E9500D7ECB5 /* PickerImagesApp WatchKit Extension.appex in Embed App Extensions */ = {isa = PBXBuildFile; fileRef = 8824210B1B852E9500D7ECB5 /* PickerImagesApp WatchKit Extension.appex */; settings = {ATTRIBUTES = (RemoveHeadersOnCopy, ); }; };
		882421111B852E9500D7ECB5 /* InterfaceController.swift in Sources */ = {isa = PBXBuildFile; fileRef = 882421101B852E9500D7ECB5 /* InterfaceController.swift */; };
		882421131B852E9500D7ECB5 /* ExtensionDelegate.swift in Sources */ = {isa = PBXBuildFile; fileRef = 882421121B852E9500D7ECB5 /* ExtensionDelegate.swift */; };
		882421151B852E9500D7ECB5 /* Assets.xcassets in Resources */ = {isa = PBXBuildFile; fileRef = 882421141B852E9500D7ECB5 /* Assets.xcassets */; };
/* End PBXBuildFile section */

/* Begin PBXContainerItemProxy section */
		882420FE1B852E9500D7ECB5 /* PBXContainerItemProxy */ = {
			isa = PBXContainerItemProxy;
			containerPortal = 882420E21B852E9500D7ECB5 /* Project object */;
			proxyType = 1;
			remoteGlobalIDString = 882420FB1B852E9500D7ECB5;
			remoteInfo = "PickerImagesApp WatchKit App";
		};
		8824210D1B852E9500D7ECB5 /* PBXContainerItemProxy */ = {
			isa = PBXContainerItemProxy;
			containerPortal = 882420E21B852E9500D7ECB5 /* Project object */;
			proxyType = 1;
			remoteGlobalIDString = 8824210A1B852E9500D7ECB5;
			remoteInfo = "PickerImagesApp WatchKit Extension";
		};
/* End PBXContainerItemProxy section */

/* Begin PBXCopyFilesBuildPhase section */
		8824211C1B852E9500D7ECB5 /* Embed App Extensions */ = {
			isa = PBXCopyFilesBuildPhase;
			buildActionMask = 2147483647;
			dstPath = "";
			dstSubfolderSpec = 13;
			files = (
				8824210C1B852E9500D7ECB5 /* PickerImagesApp WatchKit Extension.appex in Embed App Extensions */,
			);
			name = "Embed App Extensions";
			runOnlyForDeploymentPostprocessing = 0;
		};
		882421201B852E9500D7ECB5 /* Embed Watch Content */ = {
			isa = PBXCopyFilesBuildPhase;
			buildActionMask = 2147483647;
			dstPath = "$(CONTENTS_FOLDER_PATH)/Watch";
			dstSubfolderSpec = 16;
			files = (
				882420FD1B852E9500D7ECB5 /* PickerImagesApp WatchKit App.app in Embed Watch Content */,
			);
			name = "Embed Watch Content";
			runOnlyForDeploymentPostprocessing = 0;
		};
/* End PBXCopyFilesBuildPhase section */

/* Begin PBXFileReference section */
		882420EA1B852E9500D7ECB5 /* PickerImagesApp.app */ = {isa = PBXFileReference; explicitFileType = wrapper.application; includeInIndex = 0; path = PickerImagesApp.app; sourceTree = BUILT_PRODUCTS_DIR; };
		882420ED1B852E9500D7ECB5 /* AppDelegate.swift */ = {isa = PBXFileReference; lastKnownFileType = sourcecode.swift; path = AppDelegate.swift; sourceTree = "<group>"; };
		882420EF1B852E9500D7ECB5 /* ViewController.swift */ = {isa = PBXFileReference; lastKnownFileType = sourcecode.swift; path = ViewController.swift; sourceTree = "<group>"; };
		882420F21B852E9500D7ECB5 /* Base */ = {isa = PBXFileReference; lastKnownFileType = file.storyboard; name = Base; path = Base.lproj/Main.storyboard; sourceTree = "<group>"; };
		882420F41B852E9500D7ECB5 /* Assets.xcassets */ = {isa = PBXFileReference; lastKnownFileType = folder.assetcatalog; path = Assets.xcassets; sourceTree = "<group>"; };
		882420F71B852E9500D7ECB5 /* Base */ = {isa = PBXFileReference; lastKnownFileType = file.storyboard; name = Base; path = Base.lproj/LaunchScreen.storyboard; sourceTree = "<group>"; };
		882420F91B852E9500D7ECB5 /* Info.plist */ = {isa = PBXFileReference; lastKnownFileType = text.plist.xml; path = Info.plist; sourceTree = "<group>"; };
		882420FC1B852E9500D7ECB5 /* PickerImagesApp WatchKit App.app */ = {isa = PBXFileReference; explicitFileType = wrapper.application; includeInIndex = 0; path = "PickerImagesApp WatchKit App.app"; sourceTree = BUILT_PRODUCTS_DIR; };
		882421021B852E9500D7ECB5 /* Base */ = {isa = PBXFileReference; lastKnownFileType = file.storyboard; name = Base; path = Base.lproj/Interface.storyboard; sourceTree = "<group>"; };
		882421041B852E9500D7ECB5 /* Assets.xcassets */ = {isa = PBXFileReference; lastKnownFileType = folder.assetcatalog; path = Assets.xcassets; sourceTree = "<group>"; };
		882421061B852E9500D7ECB5 /* Info.plist */ = {isa = PBXFileReference; lastKnownFileType = text.plist.xml; path = Info.plist; sourceTree = "<group>"; };
		8824210B1B852E9500D7ECB5 /* PickerImagesApp WatchKit Extension.appex */ = {isa = PBXFileReference; explicitFileType = "wrapper.app-extension"; includeInIndex = 0; path = "PickerImagesApp WatchKit Extension.appex"; sourceTree = BUILT_PRODUCTS_DIR; };
		882421101B852E9500D7ECB5 /* InterfaceController.swift */ = {isa = PBXFileReference; lastKnownFileType = sourcecode.swift; path = InterfaceController.swift; sourceTree = "<group>"; };
		882421121B852E9500D7ECB5 /* ExtensionDelegate.swift */ = {isa = PBXFileReference; lastKnownFileType = sourcecode.swift; path = ExtensionDelegate.swift; sourceTree = "<group>"; };
		882421141B852E9500D7ECB5 /* Assets.xcassets */ = {isa = PBXFileReference; lastKnownFileType = folder.assetcatalog; path = Assets.xcassets; sourceTree = "<group>"; };
		882421161B852E9500D7ECB5 /* Info.plist */ = {isa = PBXFileReference; lastKnownFileType = text.plist.xml; path = Info.plist; sourceTree = "<group>"; };
/* End PBXFileReference section */

/* Begin PBXFrameworksBuildPhase section */
		882420E71B852E9500D7ECB5 /* Frameworks */ = {
			isa = PBXFrameworksBuildPhase;
			buildActionMask = 2147483647;
			files = (
			);
			runOnlyForDeploymentPostprocessing = 0;
		};
		882421081B852E9500D7ECB5 /* Frameworks */ = {
			isa = PBXFrameworksBuildPhase;
			buildActionMask = 2147483647;
			files = (
			);
			runOnlyForDeploymentPostprocessing = 0;
		};
/* End PBXFrameworksBuildPhase section */

/* Begin PBXGroup section */
		882420E11B852E9500D7ECB5 = {
			isa = PBXGroup;
			children = (
				882420EC1B852E9500D7ECB5 /* PickerImagesApp */,
				882421001B852E9500D7ECB5 /* PickerImagesApp WatchKit App */,
				8824210F1B852E9500D7ECB5 /* PickerImagesApp WatchKit Extension */,
				882420EB1B852E9500D7ECB5 /* Products */,
			);
			sourceTree = "<group>";
		};
		882420EB1B852E9500D7ECB5 /* Products */ = {
			isa = PBXGroup;
			children = (
				882420EA1B852E9500D7ECB5 /* PickerImagesApp.app */,
				882420FC1B852E9500D7ECB5 /* PickerImagesApp WatchKit App.app */,
				8824210B1B852E9500D7ECB5 /* PickerImagesApp WatchKit Extension.appex */,
			);
			name = Products;
			sourceTree = "<group>";
		};
		882420EC1B852E9500D7ECB5 /* PickerImagesApp */ = {
			isa = PBXGroup;
			children = (
				882420ED1B852E9500D7ECB5 /* AppDelegate.swift */,
				882420EF1B852E9500D7ECB5 /* ViewController.swift */,
				882420F11B852E9500D7ECB5 /* Main.storyboard */,
				882420F41B852E9500D7ECB5 /* Assets.xcassets */,
				882420F61B852E9500D7ECB5 /* LaunchScreen.storyboard */,
				882420F91B852E9500D7ECB5 /* Info.plist */,
			);
			path = PickerImagesApp;
			sourceTree = "<group>";
		};
		882421001B852E9500D7ECB5 /* PickerImagesApp WatchKit App */ = {
			isa = PBXGroup;
			children = (
				882421011B852E9500D7ECB5 /* Interface.storyboard */,
				882421041B852E9500D7ECB5 /* Assets.xcassets */,
				882421061B852E9500D7ECB5 /* Info.plist */,
			);
			path = "PickerImagesApp WatchKit App";
			sourceTree = "<group>";
		};
		8824210F1B852E9500D7ECB5 /* PickerImagesApp WatchKit Extension */ = {
			isa = PBXGroup;
			children = (
				882421101B852E9500D7ECB5 /* InterfaceController.swift */,
				882421121B852E9500D7ECB5 /* ExtensionDelegate.swift */,
				882421141B852E9500D7ECB5 /* Assets.xcassets */,
				882421161B852E9500D7ECB5 /* Info.plist */,
			);
			path = "PickerImagesApp WatchKit Extension";
			sourceTree = "<group>";
		};
/* End PBXGroup section */

/* Begin PBXNativeTarget section */
		882420E91B852E9500D7ECB5 /* PickerImagesApp */ = {
			isa = PBXNativeTarget;
			buildConfigurationList = 882421211B852E9500D7ECB5 /* Build configuration list for PBXNativeTarget "PickerImagesApp" */;
			buildPhases = (
				882420E61B852E9500D7ECB5 /* Sources */,
				882420E71B852E9500D7ECB5 /* Frameworks */,
				882420E81B852E9500D7ECB5 /* Resources */,
				882421201B852E9500D7ECB5 /* Embed Watch Content */,
			);
			buildRules = (
			);
			dependencies = (
				882420FF1B852E9500D7ECB5 /* PBXTargetDependency */,
			);
			name = PickerImagesApp;
			productName = PickerImagesApp;
			productReference = 882420EA1B852E9500D7ECB5 /* PickerImagesApp.app */;
			productType = "com.apple.product-type.application";
		};
		882420FB1B852E9500D7ECB5 /* PickerImagesApp WatchKit App */ = {
			isa = PBXNativeTarget;
			buildConfigurationList = 8824211D1B852E9500D7ECB5 /* Build configuration list for PBXNativeTarget "PickerImagesApp WatchKit App" */;
			buildPhases = (
				882420FA1B852E9500D7ECB5 /* Resources */,
				8824211C1B852E9500D7ECB5 /* Embed App Extensions */,
			);
			buildRules = (
			);
			dependencies = (
				8824210E1B852E9500D7ECB5 /* PBXTargetDependency */,
			);
			name = "PickerImagesApp WatchKit App";
			productName = "PickerImagesApp WatchKit App";
			productReference = 882420FC1B852E9500D7ECB5 /* PickerImagesApp WatchKit App.app */;
			productType = "com.apple.product-type.application.watchapp2";
		};
		8824210A1B852E9500D7ECB5 /* PickerImagesApp WatchKit Extension */ = {
			isa = PBXNativeTarget;
			buildConfigurationList = 882421191B852E9500D7ECB5 /* Build configuration list for PBXNativeTarget "PickerImagesApp WatchKit Extension" */;
			buildPhases = (
				882421071B852E9500D7ECB5 /* Sources */,
				882421081B852E9500D7ECB5 /* Frameworks */,
				882421091B852E9500D7ECB5 /* Resources */,
			);
			buildRules = (
			);
			dependencies = (
			);
			name = "PickerImagesApp WatchKit Extension";
			productName = "PickerImagesApp WatchKit Extension";
			productReference = 8824210B1B852E9500D7ECB5 /* PickerImagesApp WatchKit Extension.appex */;
			productType = "com.apple.product-type.watchkit2-extension";
		};
/* End PBXNativeTarget section */

/* Begin PBXProject section */
		882420E21B852E9500D7ECB5 /* Project object */ = {
			isa = PBXProject;
			attributes = {
				LastUpgradeCheck = 0700;
				ORGANIZATIONNAME = eBookFrenzy;
				TargetAttributes = {
					882420E91B852E9500D7ECB5 = {
						CreatedOnToolsVersion = 7.0;
					};
					882420FB1B852E9500D7ECB5 = {
						CreatedOnToolsVersion = 7.0;
					};
					8824210A1B852E9500D7ECB5 = {
						CreatedOnToolsVersion = 7.0;
					};
				};
			};
			buildConfigurationList = 882420E51B852E9500D7ECB5 /* Build configuration list for PBXProject "PickerImagesApp" */;
			compatibilityVersion = "Xcode 3.2";
			developmentRegion = English;
			hasScannedForEncodings = 0;
			knownRegions = (
				en,
				Base,
			);
			mainGroup = 882420E11B852E9500D7ECB5;
			productRefGroup = 882420EB1B852E9500D7ECB5 /* Products */;
			projectDirPath = "";
			projectRoot = "";
			targets = (
				882420E91B852E9500D7ECB5 /* PickerImagesApp */,
				882420FB1B852E9500D7ECB5 /* PickerImagesApp WatchKit App */,
				8824210A1B852E9500D7ECB5 /* PickerImagesApp WatchKit Extension */,
			);
		};
/* End PBXProject section */

/* Begin PBXResourcesBuildPhase section */
		882420E81B852E9500D7ECB5 /* Resources */ = {
			isa = PBXResourcesBuildPhase;
			buildActionMask = 2147483647;
			files = (
				882420F81B852E9500D7ECB5 /* LaunchScreen.storyboard in Resources */,
				882420F51B852E9500D7ECB5 /* Assets.xcassets in Resources */,
				882420F31B852E9500D7ECB5 /* Main.storyboard in Resources */,
			);
			runOnlyForDeploymentPostprocessing = 0;
		};
		882420FA1B852E9500D7ECB5 /* Resources */ = {
			isa = PBXResourcesBuildPhase;
			buildActionMask = 2147483647;
			files = (
				882421051B852E9500D7ECB5 /* Assets.xcassets in Resources */,
				882421031B852E9500D7ECB5 /* Interface.storyboard in Resources */,
			);
			runOnlyForDeploymentPostprocessing = 0;
		};
		882421091B852E9500D7ECB5 /* Resources */ = {
			isa = PBXResourcesBuildPhase;
			buildActionMask = 2147483647;
			files = (
				882421151B852E9500D7ECB5 /* Assets.xcassets in Resources */,
			);
			runOnlyForDeploymentPostprocessing = 0;
		};
/* End PBXResourcesBuildPhase section */

/* Begin PBXSourcesBuildPhase section */
		882420E61B852E9500D7ECB5 /* Sources */ = {
			isa = PBXSourcesBuildPhase;
			buildActionMask = 2147483647;
			files = (
				882420F01B852E9500D7ECB5 /* ViewController.swift in Sources */,
				882420EE1B852E9500D7ECB5 /* AppDelegate.swift in Sources */,
			);
			runOnlyForDeploymentPostprocessing = 0;
		};
		882421071B852E9500D7ECB5 /* Sources */ = {
			isa = PBXSourcesBuildPhase;
			buildActionMask = 2147483647;
			files = (
				882421131B852E9500D7ECB5 /* ExtensionDelegate.swift in Sources */,
				882421111B852E9500D7ECB5 /* InterfaceController.swift in Sources */,
			);
			runOnlyForDeploymentPostprocessing = 0;
		};
/* End PBXSourcesBuildPhase section */

/* Begin PBXTargetDependency section */
		882420FF1B852E9500D7ECB5 /* PBXTargetDependency */ = {
			isa = PBXTargetDependency;
			target = 882420FB1B852E9500D7ECB5 /* PickerImagesApp WatchKit App */;
			targetProxy = 882420FE1B852E9500D7ECB5 /* PBXContainerItemProxy */;
		};
		8824210E1B852E9500D7ECB5 /* PBXTargetDependency */ = {
			isa = PBXTargetDependency;
			target = 8824210A1B852E9500D7ECB5 /* PickerImagesApp WatchKit Extension */;
			targetProxy = 8824210D1B852E9500D7ECB5 /* PBXContainerItemProxy */;
		};
/* End PBXTargetDependency section */

/* Begin PBXVariantGroup section */
		882420F11B852E9500D7ECB5 /* Main.storyboard */ = {
			isa = PBXVariantGroup;
			children = (
				882420F21B852E9500D7ECB5 /* Base */,
			);
			name = Main.storyboard;
			sourceTree = "<group>";
		};
		882420F61B852E9500D7ECB5 /* LaunchScreen.storyboard */ = {
			isa = PBXVariantGroup;
			children = (
				882420F71B852E9500D7ECB5 /* Base */,
			);
			name = LaunchScreen.storyboard;
			sourceTree = "<group>";
		};
		882421011B852E9500D7ECB5 /* Interface.storyboard */ = {
			isa = PBXVariantGroup;
			children = (
				882421021B852E9500D7ECB5 /* Base */,
			);
			name = Interface.storyboard;
			sourceTree = "<group>";
		};
/* End PBXVariantGroup section */

/* Begin XCBuildConfiguration section */
		882421171B852E9500D7ECB5 /* Debug */ = {
			isa = XCBuildConfiguration;
			buildSettings = {
				ALWAYS_SEARCH_USER_PATHS = NO;
				CLANG_CXX_LANGUAGE_STANDARD = "gnu++0x";
				CLANG_CXX_LIBRARY = "libc++";
				CLANG_ENABLE_MODULES = YES;
				CLANG_ENABLE_OBJC_ARC = YES;
				CLANG_WARN_BOOL_CONVERSION = YES;
				CLANG_WARN_CONSTANT_CONVERSION = YES;
				CLANG_WARN_DIRECT_OBJC_ISA_USAGE = YES_ERROR;
				CLANG_WARN_EMPTY_BODY = YES;
				CLANG_WARN_ENUM_CONVERSION = YES;
				CLANG_WARN_INT_CONVERSION = YES;
				CLANG_WARN_OBJC_ROOT_CLASS = YES_ERROR;
				CLANG_WARN_UNREACHABLE_CODE = YES;
				CLANG_WARN__DUPLICATE_METHOD_MATCH = YES;
				"CODE_SIGN_IDENTITY[sdk=iphoneos*]" = "iPhone Developer";
				COPY_PHASE_STRIP = NO;
				DEBUG_INFORMATION_FORMAT = dwarf;
				ENABLE_STRICT_OBJC_MSGSEND = YES;
				ENABLE_TESTABILITY = YES;
				GCC_C_LANGUAGE_STANDARD = gnu99;
				GCC_DYNAMIC_NO_PIC = NO;
				GCC_NO_COMMON_BLOCKS = YES;
				GCC_OPTIMIZATION_LEVEL = 0;
				GCC_PREPROCESSOR_DEFINITIONS = (
					"DEBUG=1",
					"$(inherited)",
				);
				GCC_WARN_64_TO_32_BIT_CONVERSION = YES;
				GCC_WARN_ABOUT_RETURN_TYPE = YES_ERROR;
				GCC_WARN_UNDECLARED_SELECTOR = YES;
				GCC_WARN_UNINITIALIZED_AUTOS = YES_AGGRESSIVE;
				GCC_WARN_UNUSED_FUNCTION = YES;
				GCC_WARN_UNUSED_VARIABLE = YES;
				IPHONEOS_DEPLOYMENT_TARGET = 9.0;
				MTL_ENABLE_DEBUG_INFO = YES;
				ONLY_ACTIVE_ARCH = YES;
				SDKROOT = iphoneos;
				SWIFT_OPTIMIZATION_LEVEL = "-Onone";
				TARGETED_DEVICE_FAMILY = "1,2";
			};
			name = Debug;
		};
		882421181B852E9500D7ECB5 /* Release */ = {
			isa = XCBuildConfiguration;
			buildSettings = {
				ALWAYS_SEARCH_USER_PATHS = NO;
				CLANG_CXX_LANGUAGE_STANDARD = "gnu++0x";
				CLANG_CXX_LIBRARY = "libc++";
				CLANG_ENABLE_MODULES = YES;
				CLANG_ENABLE_OBJC_ARC = YES;
				CLANG_WARN_BOOL_CONVERSION = YES;
				CLANG_WARN_CONSTANT_CONVERSION = YES;
				CLANG_WARN_DIRECT_OBJC_ISA_USAGE = YES_ERROR;
				CLANG_WARN_EMPTY_BODY = YES;
				CLANG_WARN_ENUM_CONVERSION = YES;
				CLANG_WARN_INT_CONVERSION = YES;
				CLANG_WARN_OBJC_ROOT_CLASS = YES_ERROR;
				CLANG_WARN_UNREACHABLE_CODE = YES;
				CLANG_WARN__DUPLICATE_METHOD_MATCH = YES;
				"CODE_SIGN_IDENTITY[sdk=iphoneos*]" = "iPhone Developer";
				COPY_PHASE_STRIP = NO;
				DEBUG_INFORMATION_FORMAT = "dwarf-with-dsym";
				ENABLE_NS_ASSERTIONS = NO;
				ENABLE_STRICT_OBJC_MSGSEND = YES;
				GCC_C_LANGUAGE_STANDARD = gnu99;
				GCC_NO_COMMON_BLOCKS = YES;
				GCC_WARN_64_TO_32_BIT_CONVERSION = YES;
				GCC_WARN_ABOUT_RETURN_TYPE = YES_ERROR;
				GCC_WARN_UNDECLARED_SELECTOR = YES;
				GCC_WARN_UNINITIALIZED_AUTOS = YES_AGGRESSIVE;
				GCC_WARN_UNUSED_FUNCTION = YES;
				GCC_WARN_UNUSED_VARIABLE = YES;
				IPHONEOS_DEPLOYMENT_TARGET = 9.0;
				MTL_ENABLE_DEBUG_INFO = NO;
				SDKROOT = iphoneos;
				TARGETED_DEVICE_FAMILY = "1,2";
				VALIDATE_PRODUCT = YES;
			};
			name = Release;
		};
		8824211A1B852E9500D7ECB5 /* Debug */ = {
			isa = XCBuildConfiguration;
			buildSettings = {
				INFOPLIST_FILE = "PickerImagesApp WatchKit Extension/Info.plist";
				LD_RUNPATH_SEARCH_PATHS = "$(inherited) @executable_path/Frameworks @executable_path/../../Frameworks";
				PRODUCT_BUNDLE_IDENTIFIER = com.payloadmedia.PickerImagesApp.watchkitapp.watchkitextension;
				PRODUCT_NAME = "${TARGET_NAME}";
				SDKROOT = watchos;
				SKIP_INSTALL = YES;
				TARGETED_DEVICE_FAMILY = 4;
				WATCHOS_DEPLOYMENT_TARGET = 2.0;
			};
			name = Debug;
		};
		8824211B1B852E9500D7ECB5 /* Release */ = {
			isa = XCBuildConfiguration;
			buildSettings = {
				INFOPLIST_FILE = "PickerImagesApp WatchKit Extension/Info.plist";
				LD_RUNPATH_SEARCH_PATHS = "$(inherited) @executable_path/Frameworks @executable_path/../../Frameworks";
				PRODUCT_BUNDLE_IDENTIFIER = com.payloadmedia.PickerImagesApp.watchkitapp.watchkitextension;
				PRODUCT_NAME = "${TARGET_NAME}";
				SDKROOT = watchos;
				SKIP_INSTALL = YES;
				TARGETED_DEVICE_FAMILY = 4;
				WATCHOS_DEPLOYMENT_TARGET = 2.0;
			};
			name = Release;
		};
		8824211E1B852E9500D7ECB5 /* Debug */ = {
			isa = XCBuildConfiguration;
			buildSettings = {
				ASSETCATALOG_COMPILER_APPICON_NAME = AppIcon;
				EMBEDDED_CONTENT_CONTAINS_SWIFT = YES;
				IBSC_MODULE = PickerImagesApp_WatchKit_Extension;
				INFOPLIST_FILE = "PickerImagesApp WatchKit App/Info.plist";
				PRODUCT_BUNDLE_IDENTIFIER = com.payloadmedia.PickerImagesApp.watchkitapp;
				PRODUCT_NAME = "$(TARGET_NAME)";
				SDKROOT = watchos;
				SKIP_INSTALL = YES;
				TARGETED_DEVICE_FAMILY = 4;
				WATCHOS_DEPLOYMENT_TARGET = 2.0;
			};
			name = Debug;
		};
		8824211F1B852E9500D7ECB5 /* Release */ = {
			isa = XCBuildConfiguration;
			buildSettings = {
				ASSETCATALOG_COMPILER_APPICON_NAME = AppIcon;
				EMBEDDED_CONTENT_CONTAINS_SWIFT = YES;
				IBSC_MODULE = PickerImagesApp_WatchKit_Extension;
				INFOPLIST_FILE = "PickerImagesApp WatchKit App/Info.plist";
				PRODUCT_BUNDLE_IDENTIFIER = com.payloadmedia.PickerImagesApp.watchkitapp;
				PRODUCT_NAME = "$(TARGET_NAME)";
				SDKROOT = watchos;
				SKIP_INSTALL = YES;
				TARGETED_DEVICE_FAMILY = 4;
				WATCHOS_DEPLOYMENT_TARGET = 2.0;
			};
			name = Release;
		};
		882421221B852E9500D7ECB5 /* Debug */ = {
			isa = XCBuildConfiguration;
			buildSettings = {
				ASSETCATALOG_COMPILER_APPICON_NAME = AppIcon;
				INFOPLIST_FILE = PickerImagesApp/Info.plist;
				LD_RUNPATH_SEARCH_PATHS = "$(inherited) @executable_path/Frameworks";
				PRODUCT_BUNDLE_IDENTIFIER = com.payloadmedia.PickerImagesApp;
				PRODUCT_NAME = "$(TARGET_NAME)";
			};
			name = Debug;
		};
		882421231B852E9500D7ECB5 /* Release */ = {
			isa = XCBuildConfiguration;
			buildSettings = {
				ASSETCATALOG_COMPILER_APPICON_NAME = AppIcon;
				INFOPLIST_FILE = PickerImagesApp/Info.plist;
				LD_RUNPATH_SEARCH_PATHS = "$(inherited) @executable_path/Frameworks";
				PRODUCT_BUNDLE_IDENTIFIER = com.payloadmedia.PickerImagesApp;
				PRODUCT_NAME = "$(TARGET_NAME)";
			};
			name = Release;
		};
/* End XCBuildConfiguration section */

/* Begin XCConfigurationList section */
		882420E51B852E9500D7ECB5 /* Build configuration list for PBXProject "PickerImagesApp" */ = {
			isa = XCConfigurationList;
			buildConfigurations = (
				882421171B852E9500D7ECB5 /* Debug */,
				882421181B852E9500D7ECB5 /* Release */,
			);
			defaultConfigurationIsVisible = 0;
			defaultConfigurationName = Release;
		};
		882421191B852E9500D7ECB5 /* Build configuration list for PBXNativeTarget "PickerImagesApp WatchKit Extension" */ = {
			isa = XCConfigurationList;
			buildConfigurations = (
				8824211A1B852E9500D7ECB5 /* Debug */,
				8824211B1B852E9500D7ECB5 /* Release */,
			);
			defaultConfigurationIsVisible = 0;
		};
		8824211D1B852E9500D7ECB5 /* Build configuration list for PBXNativeTarget "PickerImagesApp WatchKit App" */ = {
			isa = XCConfigurationList;
			buildConfigurations = (
				8824211E1B852E9500D7ECB5 /* Debug */,
				8824211F1B852E9500D7ECB5 /* Release */,
			);
			defaultConfigurationIsVisible = 0;
		};
		882421211B852E9500D7ECB5 /* Build configuration list for PBXNativeTarget "PickerImagesApp" */ = {
			isa = XCConfigurationList;
			buildConfigurations = (
				882421221B852E9500D7ECB5 /* Debug */,
				882421231B852E9500D7ECB5 /* Release */,
			);
			defaultConfigurationIsVisible = 0;
		};
/* End XCConfigurationList section */
	};
	rootObject = 882420E21B852E9500D7ECB5 /* Project object */;
}
