// !$*UTF8*$!
{
	archiveVersion = 1;
	classes = {
	};
	objectVersion = 46;
	objects = {

/* Begin PBXBuildFile section */
		88C1E3741B839FEA00AEA858 /* AppDelegate.swift in Sources */ = {isa = PBXBuildFile; fileRef = 88C1E3731B839FEA00AEA858 /* AppDelegate.swift */; };
		88C1E3761B839FEA00AEA858 /* ViewController.swift in Sources */ = {isa = PBXBuildFile; fileRef = 88C1E3751B839FEA00AEA858 /* ViewController.swift */; };
		88C1E3791B839FEA00AEA858 /* Main.storyboard in Resources */ = {isa = PBXBuildFile; fileRef = 88C1E3771B839FEA00AEA858 /* Main.storyboard */; };
		88C1E37B1B839FEA00AEA858 /* Assets.xcassets in Resources */ = {isa = PBXBuildFile; fileRef = 88C1E37A1B839FEA00AEA858 /* Assets.xcassets */; };
		88C1E37E1B839FEA00AEA858 /* LaunchScreen.storyboard in Resources */ = {isa = PBXBuildFile; fileRef = 88C1E37C1B839FEA00AEA858 /* LaunchScreen.storyboard */; };
		88C1E38B1B83A02F00AEA858 /* Interface.storyboard in Resources */ = {isa = PBXBuildFile; fileRef = 88C1E3891B83A02F00AEA858 /* Interface.storyboard */; };
		88C1E38D1B83A02F00AEA858 /* Assets.xcassets in Resources */ = {isa = PBXBuildFile; fileRef = 88C1E38C1B83A02F00AEA858 /* Assets.xcassets */; };
		88C1E3941B83A02F00AEA858 /* TipCalcApp WatchKit App Extension.appex in Embed App Extensions */ = {isa = PBXBuildFile; fileRef = 88C1E3931B83A02F00AEA858 /* TipCalcApp WatchKit App Extension.appex */; settings = {ATTRIBUTES = (RemoveHeadersOnCopy, ); }; };
		88C1E3991B83A02F00AEA858 /* InterfaceController.swift in Sources */ = {isa = PBXBuildFile; fileRef = 88C1E3981B83A02F00AEA858 /* InterfaceController.swift */; };
		88C1E39B1B83A02F00AEA858 /* ExtensionDelegate.swift in Sources */ = {isa = PBXBuildFile; fileRef = 88C1E39A1B83A02F00AEA858 /* ExtensionDelegate.swift */; };
		88C1E39D1B83A02F00AEA858 /* Assets.xcassets in Resources */ = {isa = PBXBuildFile; fileRef = 88C1E39C1B83A02F00AEA858 /* Assets.xcassets */; };
		88C1E3A11B83A03000AEA858 /* TipCalcApp WatchKit App.app in Embed Watch Content */ = {isa = PBXBuildFile; fileRef = 88C1E3871B83A02F00AEA858 /* TipCalcApp WatchKit App.app */; };
/* End PBXBuildFile section */

/* Begin PBXContainerItemProxy section */
		88C1E3951B83A02F00AEA858 /* PBXContainerItemProxy */ = {
			isa = PBXContainerItemProxy;
			containerPortal = 88C1E3681B839FEA00AEA858 /* Project object */;
			proxyType = 1;
			remoteGlobalIDString = 88C1E3921B83A02F00AEA858;
			remoteInfo = "TipCalcApp WatchKit App Extension";
		};
		88C1E39F1B83A03000AEA858 /* PBXContainerItemProxy */ = {
			isa = PBXContainerItemProxy;
			containerPortal = 88C1E3681B839FEA00AEA858 /* Project object */;
			proxyType = 1;
			remoteGlobalIDString = 88C1E3861B83A02F00AEA858;
			remoteInfo = "TipCalcApp WatchKit App";
		};
/* End PBXContainerItemProxy section */

/* Begin PBXCopyFilesBuildPhase section */
		88C1E3A51B83A03000AEA858 /* Embed App Extensions */ = {
			isa = PBXCopyFilesBuildPhase;
			buildActionMask = 2147483647;
			dstPath = "";
			dstSubfolderSpec = 13;
			files = (
				88C1E3941B83A02F00AEA858 /* TipCalcApp WatchKit App Extension.appex in Embed App Extensions */,
			);
			name = "Embed App Extensions";
			runOnlyForDeploymentPostprocessing = 0;
		};
		88C1E3A91B83A03000AEA858 /* Embed Watch Content */ = {
			isa = PBXCopyFilesBuildPhase;
			buildActionMask = 2147483647;
			dstPath = "$(CONTENTS_FOLDER_PATH)/Watch";
			dstSubfolderSpec = 16;
			files = (
				88C1E3A11B83A03000AEA858 /* TipCalcApp WatchKit App.app in Embed Watch Content */,
			);
			name = "Embed Watch Content";
			runOnlyForDeploymentPostprocessing = 0;
		};
/* End PBXCopyFilesBuildPhase section */

/* Begin PBXFileReference section */
		88C1E3701B839FEA00AEA858 /* TipCalcApp.app */ = {isa = PBXFileReference; explicitFileType = wrapper.application; includeInIndex = 0; path = TipCalcApp.app; sourceTree = BUILT_PRODUCTS_DIR; };
		88C1E3731B839FEA00AEA858 /* AppDelegate.swift */ = {isa = PBXFileReference; lastKnownFileType = sourcecode.swift; path = AppDelegate.swift; sourceTree = "<group>"; };
		88C1E3751B839FEA00AEA858 /* ViewController.swift */ = {isa = PBXFileReference; lastKnownFileType = sourcecode.swift; path = ViewController.swift; sourceTree = "<group>"; };
		88C1E3781B839FEA00AEA858 /* Base */ = {isa = PBXFileReference; lastKnownFileType = file.storyboard; name = Base; path = Base.lproj/Main.storyboard; sourceTree = "<group>"; };
		88C1E37A1B839FEA00AEA858 /* Assets.xcassets */ = {isa = PBXFileReference; lastKnownFileType = folder.assetcatalog; path = Assets.xcassets; sourceTree = "<group>"; };
		88C1E37D1B839FEA00AEA858 /* Base */ = {isa = PBXFileReference; lastKnownFileType = file.storyboard; name = Base; path = Base.lproj/LaunchScreen.storyboard; sourceTree = "<group>"; };
		88C1E37F1B839FEA00AEA858 /* Info.plist */ = {isa = PBXFileReference; lastKnownFileType = text.plist.xml; path = Info.plist; sourceTree = "<group>"; };
		88C1E3871B83A02F00AEA858 /* TipCalcApp WatchKit App.app */ = {isa = PBXFileReference; explicitFileType = wrapper.application; includeInIndex = 0; path = "TipCalcApp WatchKit App.app"; sourceTree = BUILT_PRODUCTS_DIR; };
		88C1E38A1B83A02F00AEA858 /* Base */ = {isa = PBXFileReference; lastKnownFileType = file.storyboard; name = Base; path = Base.lproj/Interface.storyboard; sourceTree = "<group>"; };
		88C1E38C1B83A02F00AEA858 /* Assets.xcassets */ = {isa = PBXFileReference; lastKnownFileType = folder.assetcatalog; path = Assets.xcassets; sourceTree = "<group>"; };
		88C1E38E1B83A02F00AEA858 /* Info.plist */ = {isa = PBXFileReference; lastKnownFileType = text.plist.xml; path = Info.plist; sourceTree = "<group>"; };
		88C1E3931B83A02F00AEA858 /* TipCalcApp WatchKit App Extension.appex */ = {isa = PBXFileReference; explicitFileType = "wrapper.app-extension"; includeInIndex = 0; path = "TipCalcApp WatchKit App Extension.appex"; sourceTree = BUILT_PRODUCTS_DIR; };
		88C1E3981B83A02F00AEA858 /* InterfaceController.swift */ = {isa = PBXFileReference; lastKnownFileType = sourcecode.swift; path = InterfaceController.swift; sourceTree = "<group>"; };
		88C1E39A1B83A02F00AEA858 /* ExtensionDelegate.swift */ = {isa = PBXFileReference; lastKnownFileType = sourcecode.swift; path = ExtensionDelegate.swift; sourceTree = "<group>"; };
		88C1E39C1B83A02F00AEA858 /* Assets.xcassets */ = {isa = PBXFileReference; lastKnownFileType = folder.assetcatalog; path = Assets.xcassets; sourceTree = "<group>"; };
		88C1E39E1B83A02F00AEA858 /* Info.plist */ = {isa = PBXFileReference; lastKnownFileType = text.plist.xml; path = Info.plist; sourceTree = "<group>"; };
/* End PBXFileReference section */

/* Begin PBXFrameworksBuildPhase section */
		88C1E36D1B839FEA00AEA858 /* Frameworks */ = {
			isa = PBXFrameworksBuildPhase;
			buildActionMask = 2147483647;
			files = (
			);
			runOnlyForDeploymentPostprocessing = 0;
		};
		88C1E3901B83A02F00AEA858 /* Frameworks */ = {
			isa = PBXFrameworksBuildPhase;
			buildActionMask = 2147483647;
			files = (
			);
			runOnlyForDeploymentPostprocessing = 0;
		};
/* End PBXFrameworksBuildPhase section */

/* Begin PBXGroup section */
		88C1E3671B839FEA00AEA858 = {
			isa = PBXGroup;
			children = (
				88C1E3721B839FEA00AEA858 /* TipCalcApp */,
				88C1E3881B83A02F00AEA858 /* TipCalcApp WatchKit App */,
				88C1E3971B83A02F00AEA858 /* TipCalcApp WatchKit App Extension */,
				88C1E3711B839FEA00AEA858 /* Products */,
			);
			sourceTree = "<group>";
		};
		88C1E3711B839FEA00AEA858 /* Products */ = {
			isa = PBXGroup;
			children = (
				88C1E3701B839FEA00AEA858 /* TipCalcApp.app */,
				88C1E3871B83A02F00AEA858 /* TipCalcApp WatchKit App.app */,
				88C1E3931B83A02F00AEA858 /* TipCalcApp WatchKit App Extension.appex */,
			);
			name = Products;
			sourceTree = "<group>";
		};
		88C1E3721B839FEA00AEA858 /* TipCalcApp */ = {
			isa = PBXGroup;
			children = (
				88C1E3731B839FEA00AEA858 /* AppDelegate.swift */,
				88C1E3751B839FEA00AEA858 /* ViewController.swift */,
				88C1E3771B839FEA00AEA858 /* Main.storyboard */,
				88C1E37A1B839FEA00AEA858 /* Assets.xcassets */,
				88C1E37C1B839FEA00AEA858 /* LaunchScreen.storyboard */,
				88C1E37F1B839FEA00AEA858 /* Info.plist */,
			);
			path = TipCalcApp;
			sourceTree = "<group>";
		};
		88C1E3881B83A02F00AEA858 /* TipCalcApp WatchKit App */ = {
			isa = PBXGroup;
			children = (
				88C1E3891B83A02F00AEA858 /* Interface.storyboard */,
				88C1E38C1B83A02F00AEA858 /* Assets.xcassets */,
				88C1E38E1B83A02F00AEA858 /* Info.plist */,
			);
			path = "TipCalcApp WatchKit App";
			sourceTree = "<group>";
		};
		88C1E3971B83A02F00AEA858 /* TipCalcApp WatchKit App Extension */ = {
			isa = PBXGroup;
			children = (
				88C1E3981B83A02F00AEA858 /* InterfaceController.swift */,
				88C1E39A1B83A02F00AEA858 /* ExtensionDelegate.swift */,
				88C1E39C1B83A02F00AEA858 /* Assets.xcassets */,
				88C1E39E1B83A02F00AEA858 /* Info.plist */,
			);
			path = "TipCalcApp WatchKit App Extension";
			sourceTree = "<group>";
		};
/* End PBXGroup section */

/* Begin PBXNativeTarget section */
		88C1E36F1B839FEA00AEA858 /* TipCalcApp */ = {
			isa = PBXNativeTarget;
			buildConfigurationList = 88C1E3821B839FEA00AEA858 /* Build configuration list for PBXNativeTarget "TipCalcApp" */;
			buildPhases = (
				88C1E36C1B839FEA00AEA858 /* Sources */,
				88C1E36D1B839FEA00AEA858 /* Frameworks */,
				88C1E36E1B839FEA00AEA858 /* Resources */,
				88C1E3A91B83A03000AEA858 /* Embed Watch Content */,
			);
			buildRules = (
			);
			dependencies = (
				88C1E3A01B83A03000AEA858 /* PBXTargetDependency */,
			);
			name = TipCalcApp;
			productName = TipCalcApp;
			productReference = 88C1E3701B839FEA00AEA858 /* TipCalcApp.app */;
			productType = "com.apple.product-type.application";
		};
		88C1E3861B83A02F00AEA858 /* TipCalcApp WatchKit App */ = {
			isa = PBXNativeTarget;
			buildConfigurationList = 88C1E3A61B83A03000AEA858 /* Build configuration list for PBXNativeTarget "TipCalcApp WatchKit App" */;
			buildPhases = (
				88C1E3851B83A02F00AEA858 /* Resources */,
				88C1E3A51B83A03000AEA858 /* Embed App Extensions */,
			);
			buildRules = (
			);
			dependencies = (
				88C1E3961B83A02F00AEA858 /* PBXTargetDependency */,
			);
			name = "TipCalcApp WatchKit App";
			productName = "TipCalcApp WatchKit App";
			productReference = 88C1E3871B83A02F00AEA858 /* TipCalcApp WatchKit App.app */;
			productType = "com.apple.product-type.application.watchapp2";
		};
		88C1E3921B83A02F00AEA858 /* TipCalcApp WatchKit App Extension */ = {
			isa = PBXNativeTarget;
			buildConfigurationList = 88C1E3A21B83A03000AEA858 /* Build configuration list for PBXNativeTarget "TipCalcApp WatchKit App Extension" */;
			buildPhases = (
				88C1E38F1B83A02F00AEA858 /* Sources */,
				88C1E3901B83A02F00AEA858 /* Frameworks */,
				88C1E3911B83A02F00AEA858 /* Resources */,
			);
			buildRules = (
			);
			dependencies = (
			);
			name = "TipCalcApp WatchKit App Extension";
			productName = "TipCalcApp WatchKit App Extension";
			productReference = 88C1E3931B83A02F00AEA858 /* TipCalcApp WatchKit App Extension.appex */;
			productType = "com.apple.product-type.watchkit2-extension";
		};
/* End PBXNativeTarget section */

/* Begin PBXProject section */
		88C1E3681B839FEA00AEA858 /* Project object */ = {
			isa = PBXProject;
			attributes = {
				LastUpgradeCheck = 0700;
				ORGANIZATIONNAME = eBookFrenzy;
				TargetAttributes = {
					88C1E36F1B839FEA00AEA858 = {
						CreatedOnToolsVersion = 7.0;
					};
					88C1E3861B83A02F00AEA858 = {
						CreatedOnToolsVersion = 7.0;
					};
					88C1E3921B83A02F00AEA858 = {
						CreatedOnToolsVersion = 7.0;
					};
				};
			};
			buildConfigurationList = 88C1E36B1B839FEA00AEA858 /* Build configuration list for PBXProject "TipCalcApp" */;
			compatibilityVersion = "Xcode 3.2";
			developmentRegion = English;
			hasScannedForEncodings = 0;
			knownRegions = (
				en,
				Base,
			);
			mainGroup = 88C1E3671B839FEA00AEA858;
			productRefGroup = 88C1E3711B839FEA00AEA858 /* Products */;
			projectDirPath = "";
			projectRoot = "";
			targets = (
				88C1E36F1B839FEA00AEA858 /* TipCalcApp */,
				88C1E3861B83A02F00AEA858 /* TipCalcApp WatchKit App */,
				88C1E3921B83A02F00AEA858 /* TipCalcApp WatchKit App Extension */,
			);
		};
/* End PBXProject section */

/* Begin PBXResourcesBuildPhase section */
		88C1E36E1B839FEA00AEA858 /* Resources */ = {
			isa = PBXResourcesBuildPhase;
			buildActionMask = 2147483647;
			files = (
				88C1E37E1B839FEA00AEA858 /* LaunchScreen.storyboard in Resources */,
				88C1E37B1B839FEA00AEA858 /* Assets.xcassets in Resources */,
				88C1E3791B839FEA00AEA858 /* Main.storyboard in Resources */,
			);
			runOnlyForDeploymentPostprocessing = 0;
		};
		88C1E3851B83A02F00AEA858 /* Resources */ = {
			isa = PBXResourcesBuildPhase;
			buildActionMask = 2147483647;
			files = (
				88C1E38D1B83A02F00AEA858 /* Assets.xcassets in Resources */,
				88C1E38B1B83A02F00AEA858 /* Interface.storyboard in Resources */,
			);
			runOnlyForDeploymentPostprocessing = 0;
		};
		88C1E3911B83A02F00AEA858 /* Resources */ = {
			isa = PBXResourcesBuildPhase;
			buildActionMask = 2147483647;
			files = (
				88C1E39D1B83A02F00AEA858 /* Assets.xcassets in Resources */,
			);
			runOnlyForDeploymentPostprocessing = 0;
		};
/* End PBXResourcesBuildPhase section */

/* Begin PBXSourcesBuildPhase section */
		88C1E36C1B839FEA00AEA858 /* Sources */ = {
			isa = PBXSourcesBuildPhase;
			buildActionMask = 2147483647;
			files = (
				88C1E3761B839FEA00AEA858 /* ViewController.swift in Sources */,
				88C1E3741B839FEA00AEA858 /* AppDelegate.swift in Sources */,
			);
			runOnlyForDeploymentPostprocessing = 0;
		};
		88C1E38F1B83A02F00AEA858 /* Sources */ = {
			isa = PBXSourcesBuildPhase;
			buildActionMask = 2147483647;
			files = (
				88C1E39B1B83A02F00AEA858 /* ExtensionDelegate.swift in Sources */,
				88C1E3991B83A02F00AEA858 /* InterfaceController.swift in Sources */,
			);
			runOnlyForDeploymentPostprocessing = 0;
		};
/* End PBXSourcesBuildPhase section */

/* Begin PBXTargetDependency section */
		88C1E3961B83A02F00AEA858 /* PBXTargetDependency */ = {
			isa = PBXTargetDependency;
			target = 88C1E3921B83A02F00AEA858 /* TipCalcApp WatchKit App Extension */;
			targetProxy = 88C1E3951B83A02F00AEA858 /* PBXContainerItemProxy */;
		};
		88C1E3A01B83A03000AEA858 /* PBXTargetDependency */ = {
			isa = PBXTargetDependency;
			target = 88C1E3861B83A02F00AEA858 /* TipCalcApp WatchKit App */;
			targetProxy = 88C1E39F1B83A03000AEA858 /* PBXContainerItemProxy */;
		};
/* End PBXTargetDependency section */

/* Begin PBXVariantGroup section */
		88C1E3771B839FEA00AEA858 /* Main.storyboard */ = {
			isa = PBXVariantGroup;
			children = (
				88C1E3781B839FEA00AEA858 /* Base */,
			);
			name = Main.storyboard;
			sourceTree = "<group>";
		};
		88C1E37C1B839FEA00AEA858 /* LaunchScreen.storyboard */ = {
			isa = PBXVariantGroup;
			children = (
				88C1E37D1B839FEA00AEA858 /* Base */,
			);
			name = LaunchScreen.storyboard;
			sourceTree = "<group>";
		};
		88C1E3891B83A02F00AEA858 /* Interface.storyboard */ = {
			isa = PBXVariantGroup;
			children = (
				88C1E38A1B83A02F00AEA858 /* Base */,
			);
			name = Interface.storyboard;
			sourceTree = "<group>";
		};
/* End PBXVariantGroup section */

/* Begin XCBuildConfiguration section */
		88C1E3801B839FEA00AEA858 /* Debug */ = {
			isa = XCBuildConfiguration;
			buildSettings = {
				ALWAYS_SEARCH_USER_PATHS = NO;
				CLANG_CXX_LANGUAGE_STANDARD = "gnu++0x";
				CLANG_CXX_LIBRARY = "libc++";
				CLANG_ENABLE_MODULES = YES;
				CLANG_ENABLE_OBJC_ARC = YES;
				CLANG_WARN_BOOL_CONVERSION = YES;
				CLANG_WARN_CONSTANT_CONVERSION = YES;
				CLANG_WARN_DIRECT_OBJC_ISA_USAGE = YES_ERROR;
				CLANG_WARN_EMPTY_BODY = YES;
				CLANG_WARN_ENUM_CONVERSION = YES;
				CLANG_WARN_INT_CONVERSION = YES;
				CLANG_WARN_OBJC_ROOT_CLASS = YES_ERROR;
				CLANG_WARN_UNREACHABLE_CODE = YES;
				CLANG_WARN__DUPLICATE_METHOD_MATCH = YES;
				"CODE_SIGN_IDENTITY[sdk=iphoneos*]" = "iPhone Developer";
				COPY_PHASE_STRIP = NO;
				DEBUG_INFORMATION_FORMAT = dwarf;
				ENABLE_STRICT_OBJC_MSGSEND = YES;
				ENABLE_TESTABILITY = YES;
				GCC_C_LANGUAGE_STANDARD = gnu99;
				GCC_DYNAMIC_NO_PIC = NO;
				GCC_NO_COMMON_BLOCKS = YES;
				GCC_OPTIMIZATION_LEVEL = 0;
				GCC_PREPROCESSOR_DEFINITIONS = (
					"DEBUG=1",
					"$(inherited)",
				);
				GCC_WARN_64_TO_32_BIT_CONVERSION = YES;
				GCC_WARN_ABOUT_RETURN_TYPE = YES_ERROR;
				GCC_WARN_UNDECLARED_SELECTOR = YES;
				GCC_WARN_UNINITIALIZED_AUTOS = YES_AGGRESSIVE;
				GCC_WARN_UNUSED_FUNCTION = YES;
				GCC_WARN_UNUSED_VARIABLE = YES;
				IPHONEOS_DEPLOYMENT_TARGET = 9.0;
				MTL_ENABLE_DEBUG_INFO = YES;
				ONLY_ACTIVE_ARCH = YES;
				SDKROOT = iphoneos;
				SWIFT_OPTIMIZATION_LEVEL = "-Onone";
				TARGETED_DEVICE_FAMILY = "1,2";
			};
			name = Debug;
		};
		88C1E3811B839FEA00AEA858 /* Release */ = {
			isa = XCBuildConfiguration;
			buildSettings = {
				ALWAYS_SEARCH_USER_PATHS = NO;
				CLANG_CXX_LANGUAGE_STANDARD = "gnu++0x";
				CLANG_CXX_LIBRARY = "libc++";
				CLANG_ENABLE_MODULES = YES;
				CLANG_ENABLE_OBJC_ARC = YES;
				CLANG_WARN_BOOL_CONVERSION = YES;
				CLANG_WARN_CONSTANT_CONVERSION = YES;
				CLANG_WARN_DIRECT_OBJC_ISA_USAGE = YES_ERROR;
				CLANG_WARN_EMPTY_BODY = YES;
				CLANG_WARN_ENUM_CONVERSION = YES;
				CLANG_WARN_INT_CONVERSION = YES;
				CLANG_WARN_OBJC_ROOT_CLASS = YES_ERROR;
				CLANG_WARN_UNREACHABLE_CODE = YES;
				CLANG_WARN__DUPLICATE_METHOD_MATCH = YES;
				"CODE_SIGN_IDENTITY[sdk=iphoneos*]" = "iPhone Developer";
				COPY_PHASE_STRIP = NO;
				DEBUG_INFORMATION_FORMAT = "dwarf-with-dsym";
				ENABLE_NS_ASSERTIONS = NO;
				ENABLE_STRICT_OBJC_MSGSEND = YES;
				GCC_C_LANGUAGE_STANDARD = gnu99;
				GCC_NO_COMMON_BLOCKS = YES;
				GCC_WARN_64_TO_32_BIT_CONVERSION = YES;
				GCC_WARN_ABOUT_RETURN_TYPE = YES_ERROR;
				GCC_WARN_UNDECLARED_SELECTOR = YES;
				GCC_WARN_UNINITIALIZED_AUTOS = YES_AGGRESSIVE;
				GCC_WARN_UNUSED_FUNCTION = YES;
				GCC_WARN_UNUSED_VARIABLE = YES;
				IPHONEOS_DEPLOYMENT_TARGET = 9.0;
				MTL_ENABLE_DEBUG_INFO = NO;
				SDKROOT = iphoneos;
				TARGETED_DEVICE_FAMILY = "1,2";
				VALIDATE_PRODUCT = YES;
			};
			name = Release;
		};
		88C1E3831B839FEA00AEA858 /* Debug */ = {
			isa = XCBuildConfiguration;
			buildSettings = {
				ASSETCATALOG_COMPILER_APPICON_NAME = AppIcon;
				INFOPLIST_FILE = TipCalcApp/Info.plist;
				LD_RUNPATH_SEARCH_PATHS = "$(inherited) @executable_path/Frameworks";
				PRODUCT_BUNDLE_IDENTIFIER = com.payloadmedia.TipCalcApp;
				PRODUCT_NAME = "$(TARGET_NAME)";
			};
			name = Debug;
		};
		88C1E3841B839FEA00AEA858 /* Release */ = {
			isa = XCBuildConfiguration;
			buildSettings = {
				ASSETCATALOG_COMPILER_APPICON_NAME = AppIcon;
				INFOPLIST_FILE = TipCalcApp/Info.plist;
				LD_RUNPATH_SEARCH_PATHS = "$(inherited) @executable_path/Frameworks";
				PRODUCT_BUNDLE_IDENTIFIER = com.payloadmedia.TipCalcApp;
				PRODUCT_NAME = "$(TARGET_NAME)";
			};
			name = Release;
		};
		88C1E3A31B83A03000AEA858 /* Debug */ = {
			isa = XCBuildConfiguration;
			buildSettings = {
				INFOPLIST_FILE = "TipCalcApp WatchKit App Extension/Info.plist";
				LD_RUNPATH_SEARCH_PATHS = "$(inherited) @executable_path/Frameworks @executable_path/../../Frameworks";
				PRODUCT_BUNDLE_IDENTIFIER = com.payloadmedia.TipCalcApp.watchkitapp.watchkitextension;
				PRODUCT_NAME = "${TARGET_NAME}";
				SDKROOT = watchos;
				SKIP_INSTALL = YES;
				TARGETED_DEVICE_FAMILY = 4;
				WATCHOS_DEPLOYMENT_TARGET = 2.0;
			};
			name = Debug;
		};
		88C1E3A41B83A03000AEA858 /* Release */ = {
			isa = XCBuildConfiguration;
			buildSettings = {
				INFOPLIST_FILE = "TipCalcApp WatchKit App Extension/Info.plist";
				LD_RUNPATH_SEARCH_PATHS = "$(inherited) @executable_path/Frameworks @executable_path/../../Frameworks";
				PRODUCT_BUNDLE_IDENTIFIER = com.payloadmedia.TipCalcApp.watchkitapp.watchkitextension;
				PRODUCT_NAME = "${TARGET_NAME}";
				SDKROOT = watchos;
				SKIP_INSTALL = YES;
				TARGETED_DEVICE_FAMILY = 4;
				WATCHOS_DEPLOYMENT_TARGET = 2.0;
			};
			name = Release;
		};
		88C1E3A71B83A03000AEA858 /* Debug */ = {
			isa = XCBuildConfiguration;
			buildSettings = {
				ASSETCATALOG_COMPILER_APPICON_NAME = AppIcon;
				EMBEDDED_CONTENT_CONTAINS_SWIFT = YES;
				IBSC_MODULE = TipCalcApp_WatchKit_App_Extension;
				INFOPLIST_FILE = "TipCalcApp WatchKit App/Info.plist";
				PRODUCT_BUNDLE_IDENTIFIER = com.payloadmedia.TipCalcApp.watchkitapp;
				PRODUCT_NAME = "$(TARGET_NAME)";
				SDKROOT = watchos;
				SKIP_INSTALL = YES;
				TARGETED_DEVICE_FAMILY = 4;
				WATCHOS_DEPLOYMENT_TARGET = 2.0;
			};
			name = Debug;
		};
		88C1E3A81B83A03000AEA858 /* Release */ = {
			isa = XCBuildConfiguration;
			buildSettings = {
				ASSETCATALOG_COMPILER_APPICON_NAME = AppIcon;
				EMBEDDED_CONTENT_CONTAINS_SWIFT = YES;
				IBSC_MODULE = TipCalcApp_WatchKit_App_Extension;
				INFOPLIST_FILE = "TipCalcApp WatchKit App/Info.plist";
				PRODUCT_BUNDLE_IDENTIFIER = com.payloadmedia.TipCalcApp.watchkitapp;
				PRODUCT_NAME = "$(TARGET_NAME)";
				SDKROOT = watchos;
				SKIP_INSTALL = YES;
				TARGETED_DEVICE_FAMILY = 4;
				WATCHOS_DEPLOYMENT_TARGET = 2.0;
			};
			name = Release;
		};
/* End XCBuildConfiguration section */

/* Begin XCConfigurationList section */
		88C1E36B1B839FEA00AEA858 /* Build configuration list for PBXProject "TipCalcApp" */ = {
			isa = XCConfigurationList;
			buildConfigurations = (
				88C1E3801B839FEA00AEA858 /* Debug */,
				88C1E3811B839FEA00AEA858 /* Release */,
			);
			defaultConfigurationIsVisible = 0;
			defaultConfigurationName = Release;
		};
		88C1E3821B839FEA00AEA858 /* Build configuration list for PBXNativeTarget "TipCalcApp" */ = {
			isa = XCConfigurationList;
			buildConfigurations = (
				88C1E3831B839FEA00AEA858 /* Debug */,
				88C1E3841B839FEA00AEA858 /* Release */,
			);
			defaultConfigurationIsVisible = 0;
		};
		88C1E3A21B83A03000AEA858 /* Build configuration list for PBXNativeTarget "TipCalcApp WatchKit App Extension" */ = {
			isa = XCConfigurationList;
			buildConfigurations = (
				88C1E3A31B83A03000AEA858 /* Debug */,
				88C1E3A41B83A03000AEA858 /* Release */,
			);
			defaultConfigurationIsVisible = 0;
		};
		88C1E3A61B83A03000AEA858 /* Build configuration list for PBXNativeTarget "TipCalcApp WatchKit App" */ = {
			isa = XCConfigurationList;
			buildConfigurations = (
				88C1E3A71B83A03000AEA858 /* Debug */,
				88C1E3A81B83A03000AEA858 /* Release */,
			);
			defaultConfigurationIsVisible = 0;
		};
/* End XCConfigurationList section */
	};
	rootObject = 88C1E3681B839FEA00AEA858 /* Project object */;
}
