<?xml version="1.0" encoding="UTF-8"?>
<Scheme
   LastUpgradeVersion = "0700"
   version = "1.3">
   <BuildAction
      parallelizeBuildables = "YES"
      buildImplicitDependencies = "YES">
      <BuildActionEntries>
         <BuildActionEntry
            buildForTesting = "YES"
            buildForRunning = "YES"
            buildForProfiling = "YES"
            buildForArchiving = "YES"
            buildForAnalyzing = "YES">
            <BuildableReference
               BuildableIdentifier = "primary"
               BlueprintIdentifier = "88C1E3861B83A02F00AEA858"
               BuildableName = "TipCalcApp WatchKit App.app"
               BlueprintName = "TipCalcApp WatchKit App"
               ReferencedContainer = "container:TipCalcApp.xcodeproj">
            </BuildableReference>
         </BuildActionEntry>
         <BuildActionEntry
            buildForTesting = "YES"
            buildForRunning = "YES"
            buildForProfiling = "YES"
            buildForArchiving = "YES"
            buildForAnalyzing = "YES">
            <BuildableReference
               BuildableIdentifier = "primary"
               BlueprintIdentifier = "88C1E36F1B839FEA00AEA858"
               BuildableName = "TipCalcApp.app"
               BlueprintName = "TipCalcApp"
               ReferencedContainer = "container:TipCalcApp.xcodeproj">
            </BuildableReference>
         </BuildActionEntry>
         <BuildActionEntry
            buildForTesting = "YES"
            buildForRunning = "YES"
            buildForProfiling = "YES"
            buildForArchiving = "YES"
            buildForAnalyzing = "YES">
            <BuildableReference
               BuildableIdentifier = "primary"
               BlueprintIdentifier = "88C1E3921B83A02F00AEA858"
               BuildableName = "TipCalcApp WatchKit App Extension.appex"
               BlueprintName = "TipCalcApp WatchKit App Extension"
               ReferencedContainer = "container:TipCalcApp.xcodeproj">
            </BuildableReference>
         </BuildActionEntry>
      </BuildActionEntries>
   </BuildAction>
   <TestAction
      buildConfiguration = "Debug"
      selectedDebuggerIdentifier = "Xcode.DebuggerFoundation.Debugger.LLDB"
      selectedLauncherIdentifier = "Xcode.DebuggerFoundation.Launcher.LLDB"
      shouldUseLaunchSchemeArgsEnv = "YES">
      <Testables>
      </Testables>
      <MacroExpansion>
         <BuildableReference
            BuildableIdentifier = "primary"
            BlueprintIdentifier = "88C1E3861B83A02F00AEA858"
            BuildableName = "TipCalcApp WatchKit App.app"
            BlueprintName = "TipCalcApp WatchKit App"
            ReferencedContainer = "container:TipCalcApp.xcodeproj">
         </BuildableReference>
      </MacroExpansion>
      <AdditionalOptions>
      </AdditionalOptions>
   </TestAction>
   <LaunchAction
      buildConfiguration = "Debug"
      selectedDebuggerIdentifier = "Xcode.DebuggerFoundation.Debugger.LLDB"
      selectedLauncherIdentifier = "Xcode.DebuggerFoundation.Launcher.LLDB"
      launchStyle = "0"
      useCustomWorkingDirectory = "NO"
      ignoresPersistentStateOnLaunch = "NO"
      debugDocumentVersioning = "YES"
      debugServiceExtension = "internal"
      allowLocationSimulation = "YES">
      <RemoteRunnable
         runnableDebuggingMode = "2"
         BundleIdentifier = "com.apple.carousel"
         RemotePath = "/TipCalcApp">
         <BuildableReference
            BuildableIdentifier = "primary"
            BlueprintIdentifier = "88C1E3861B83A02F00AEA858"
            BuildableName = "TipCalcApp WatchKit App.app"
            BlueprintName = "TipCalcApp WatchKit App"
            ReferencedContainer = "container:TipCalcApp.xcodeproj">
         </BuildableReference>
      </RemoteRunnable>
      <MacroExpansion>
         <BuildableReference
            BuildableIdentifier = "primary"
            BlueprintIdentifier = "88C1E3861B83A02F00AEA858"
            BuildableName = "TipCalcApp WatchKit App.app"
            BlueprintName = "TipCalcApp WatchKit App"
            ReferencedContainer = "container:TipCalcApp.xcodeproj">
         </BuildableReference>
      </MacroExpansion>
      <AdditionalOptions>
      </AdditionalOptions>
   </LaunchAction>
   <ProfileAction
      buildConfiguration = "Release"
      shouldUseLaunchSchemeArgsEnv = "YES"
      savedToolIdentifier = ""
      useCustomWorkingDirectory = "NO"
      debugDocumentVersioning = "YES">
      <RemoteRunnable
         runnableDebuggingMode = "2"
         BundleIdentifier = "com.apple.carousel"
         RemotePath = "/TipCalcApp">
         <BuildableReference
            BuildableIdentifier = "primary"
            BlueprintIdentifier = "88C1E3861B83A02F00AEA858"
            BuildableName = "TipCalcApp WatchKit App.app"
            BlueprintName = "TipCalcApp WatchKit App"
            ReferencedContainer = "container:TipCalcApp.xcodeproj">
         </BuildableReference>
      </RemoteRunnable>
      <MacroExpansion>
         <BuildableReference
            BuildableIdentifier = "primary"
            BlueprintIdentifier = "88C1E3861B83A02F00AEA858"
            BuildableName = "TipCalcApp WatchKit App.app"
            BlueprintName = "TipCalcApp WatchKit App"
            ReferencedContainer = "container:TipCalcApp.xcodeproj">
         </BuildableReference>
      </MacroExpansion>
   </ProfileAction>
   <AnalyzeAction
      buildConfiguration = "Debug">
   </AnalyzeAction>
   <ArchiveAction
      buildConfiguration = "Release"
      revealArchiveInOrganizer = "YES">
   </ArchiveAction>
</Scheme>
